
Microsoft Visual Studio Solution File, Format Version 12.00
# Visual Studio Version 17
VisualStudioVersion = 17.7.34031.279
MinimumVisualStudioVersion = 10.0.40219.1
Project("{8BC9CEB8-8B4A-11D0-8D11-00A0C91BC942}") = "De Quy", "De Quy.vcxproj", "{081B07B0-6D5E-4B0D-B8B1-C8892A63A02F}"
EndProject
Project("{8BC9CEB8-8B4A-11D0-8D11-00A0C91BC942}") = "Bai192", "C:\Users\huynh\source\repos\De Quy\Bai192\Bai192.vcxproj", "{37A4A48B-7FB2-466D-A85C-F64D816F3CB4}"
EndProject
Project("{8BC9CEB8-8B4A-11D0-8D11-00A0C91BC942}") = "Bai197", "Bai197\Bai197.vcxproj", "{D82058E8-0F74-4071-B12F-3CC9D827D829}"
EndProject
Project("{8BC9CEB8-8B4A-11D0-8D11-00A0C91BC942}") = "Bai202", "Bai202\Bai202.vcxproj", "{52B69C91-C794-472D-BB41-06E7596CC10A}"
EndProject
Project("{8BC9CEB8-8B4A-11D0-8D11-00A0C91BC942}") = "Bai202", "..\Bai202\Bai202.vcxproj", "{2EB7C6D8-9440-494F-A2C5-CD96CD226ED4}"
EndProject
Project("{8BC9CEB8-8B4A-11D0-8D11-00A0C91BC942}") = "Bai207", "..\Bai207\Bai207.vcxproj", "{99609DBA-0137-43E5-A7CD-B71359481886}"
EndProject
Project("{8BC9CEB8-8B4A-11D0-8D11-00A0C91BC942}") = "Bai212", "..\Bai212\Bai212.vcxproj", "{FC82DEDE-4F4D-4B81-8053-DD326FD42165}"
EndProject
Project("{8BC9CEB8-8B4A-11D0-8D11-00A0C91BC942}") = "Bai217", "..\Bai217\Bai217.vcxproj", "{95F9B65E-A4EB-43F5-A2A3-B3F1C2EA05F2}"
EndProject
Project("{8BC9CEB8-8B4A-11D0-8D11-00A0C91BC942}") = "Bai222", "..\Bai222\Bai222.vcxproj", "{CE256DE4-A0BE-4287-8EC8-B1FC182B7FC5}"
EndProject
Project("{8BC9CEB8-8B4A-11D0-8D11-00A0C91BC942}") = "Bai227", "..\Bai227\Bai227.vcxproj", "{6469A4FC-0A53-499C-9283-2222785E6E9C}"
EndProject
Project("{8BC9CEB8-8B4A-11D0-8D11-00A0C91BC942}") = "Bai232", "..\Bai232\Bai232.vcxproj", "{D472B78A-F402-4BA4-B0C8-A051E7606FF4}"
EndProject
Project("{8BC9CEB8-8B4A-11D0-8D11-00A0C91BC942}") = "Bai237", "..\Bai237\Bai237.vcxproj", "{E90E3AB0-E766-4778-A12F-1D5E19860AE3}"
EndProject
Project("{8BC9CEB8-8B4A-11D0-8D11-00A0C91BC942}") = "Bai242", "..\Bai242\Bai242.vcxproj", "{DFDABE55-AF8A-4BA9-8BF3-586008744156}"
EndProject
Project("{8BC9CEB8-8B4A-11D0-8D11-00A0C91BC942}") = "Bai252", "..\Bai252\Bai252.vcxproj", "{E7B7AAB1-13CD-48E0-AE13-A8D2A215A731}"
EndProject
Project("{8BC9CEB8-8B4A-11D0-8D11-00A0C91BC942}") = "Bai257", "..\Bai257\Bai257.vcxproj", "{05CDA65C-50BF-44C6-BE50-ADD19354CD90}"
EndProject
Project("{8BC9CEB8-8B4A-11D0-8D11-00A0C91BC942}") = "Bai262", "..\Bai262\Bai262.vcxproj", "{9F43C113-A40F-4FF0-AB6C-7D8C07E2F5B5}"
EndProject
Project("{8BC9CEB8-8B4A-11D0-8D11-00A0C91BC942}") = "Bai267", "..\Bai267\Bai267.vcxproj", "{61FBBA2F-20C4-4F29-B553-BB9EB172CBCC}"
EndProject
Project("{8BC9CEB8-8B4A-11D0-8D11-00A0C91BC942}") = "Bai272", "..\Bai272\Bai272.vcxproj", "{74234C05-FE3D-45EC-B184-5FCFB7E15768}"
EndProject
Project("{8BC9CEB8-8B4A-11D0-8D11-00A0C91BC942}") = "Bai277", "..\Bai277\Bai277.vcxproj", "{0ADF3E8B-CD52-43E6-B7E0-5AB72A94C5CF}"
EndProject
Project("{8BC9CEB8-8B4A-11D0-8D11-00A0C91BC942}") = "Bai200", "Bai200\Bai200.vcxproj", "{896BC847-0F42-45D1-AB8E-40328D50CF55}"
EndProject
Project("{8BC9CEB8-8B4A-11D0-8D11-00A0C91BC942}") = "Bai205", "Bai205\Bai205.vcxproj", "{C0E19935-9290-4E7F-96A9-50F47FFC2955}"
EndProject
Project("{8BC9CEB8-8B4A-11D0-8D11-00A0C91BC942}") = "Bai210", "Bai210\Bai210.vcxproj", "{99701B36-1852-469C-A7EA-185962E88693}"
EndProject
Project("{8BC9CEB8-8B4A-11D0-8D11-00A0C91BC942}") = "Bai215", "Bai215\Bai215.vcxproj", "{8ED9DAF1-AA3A-4225-ADCA-8BA21B174B53}"
EndProject
Project("{8BC9CEB8-8B4A-11D0-8D11-00A0C91BC942}") = "Bai220", "Bai220\Bai220.vcxproj", "{89081E23-06E2-468D-85EB-E84F495121B0}"
EndProject
Project("{8BC9CEB8-8B4A-11D0-8D11-00A0C91BC942}") = "Bai225", "Bai225\Bai225.vcxproj", "{069FC508-E4F2-430C-8E70-5385BF79B158}"
EndProject
Project("{8BC9CEB8-8B4A-11D0-8D11-00A0C91BC942}") = "Bai230", "Bai230\Bai230.vcxproj", "{9705E50A-2C52-4481-86D3-2F0B04D74341}"
EndProject
Project("{8BC9CEB8-8B4A-11D0-8D11-00A0C91BC942}") = "Bai235", "Bai235\Bai235.vcxproj", "{9ADC3505-2B77-4680-B6E5-079E6ED5CBE8}"
EndProject
Project("{8BC9CEB8-8B4A-11D0-8D11-00A0C91BC942}") = "Bai240", "Bai240\Bai240.vcxproj", "{63995F3D-DCE0-4306-8C1B-86935CB07535}"
EndProject
Project("{8BC9CEB8-8B4A-11D0-8D11-00A0C91BC942}") = "Bai245", "Bai245\Bai245.vcxproj", "{7E10B255-D802-4F3D-B44D-E6E5A92ED9AB}"
EndProject
Project("{8BC9CEB8-8B4A-11D0-8D11-00A0C91BC942}") = "Bai250", "Bai250\Bai250.vcxproj", "{4AB717B6-4FB5-4EB5-BDBA-A722195A0FBF}"
EndProject
Project("{8BC9CEB8-8B4A-11D0-8D11-00A0C91BC942}") = "Bai260", "Bai260\Bai260.vcxproj", "{EDCFD8E8-6A3D-4A0E-B203-80DFDA170CDE}"
EndProject
Project("{8BC9CEB8-8B4A-11D0-8D11-00A0C91BC942}") = "Bai255", "Bai255\Bai255.vcxproj", "{35D80C19-DDE6-460D-80A0-EF1561A22220}"
EndProject
Project("{8BC9CEB8-8B4A-11D0-8D11-00A0C91BC942}") = "Bai265", "Bai265\Bai265.vcxproj", "{0632CDBD-3869-4582-9BCD-5055D0E04AED}"
EndProject
Project("{8BC9CEB8-8B4A-11D0-8D11-00A0C91BC942}") = "Bai270", "Bai270\Bai270.vcxproj", "{B36433FA-0249-4145-B188-515E1605CADE}"
EndProject
Project("{8BC9CEB8-8B4A-11D0-8D11-00A0C91BC942}") = "Bai275", "Bai275\Bai275.vcxproj", "{69AC1741-935F-4ECE-A370-D3599A64E83F}"
EndProject
Project("{8BC9CEB8-8B4A-11D0-8D11-00A0C91BC942}") = "Bai280", "Bai280\Bai280.vcxproj", "{23F33EE9-85EC-4DF9-8E18-B9F0C686CBEC}"
EndProject
Project("{8BC9CEB8-8B4A-11D0-8D11-00A0C91BC942}") = "Bai285", "Bai285\Bai285.vcxproj", "{481CDE98-CBC5-4783-B093-5308BBB4D2FA}"
EndProject
Project("{8BC9CEB8-8B4A-11D0-8D11-00A0C91BC942}") = "Bai290", "Bai290\Bai290.vcxproj", "{8CDE6292-97BE-4EAA-98D3-2922BD0A11C0}"
EndProject
Global
	GlobalSection(SolutionConfigurationPlatforms) = preSolution
		Debug|x64 = Debug|x64
		Debug|x86 = Debug|x86
		Release|x64 = Release|x64
		Release|x86 = Release|x86
	EndGlobalSection
	GlobalSection(ProjectConfigurationPlatforms) = postSolution
		{081B07B0-6D5E-4B0D-B8B1-C8892A63A02F}.Debug|x64.ActiveCfg = Debug|x64
		{081B07B0-6D5E-4B0D-B8B1-C8892A63A02F}.Debug|x64.Build.0 = Debug|x64
		{081B07B0-6D5E-4B0D-B8B1-C8892A63A02F}.Debug|x86.ActiveCfg = Debug|Win32
		{081B07B0-6D5E-4B0D-B8B1-C8892A63A02F}.Debug|x86.Build.0 = Debug|Win32
		{081B07B0-6D5E-4B0D-B8B1-C8892A63A02F}.Release|x64.ActiveCfg = Release|x64
		{081B07B0-6D5E-4B0D-B8B1-C8892A63A02F}.Release|x64.Build.0 = Release|x64
		{081B07B0-6D5E-4B0D-B8B1-C8892A63A02F}.Release|x86.ActiveCfg = Release|Win32
		{081B07B0-6D5E-4B0D-B8B1-C8892A63A02F}.Release|x86.Build.0 = Release|Win32
		{37A4A48B-7FB2-466D-A85C-F64D816F3CB4}.Debug|x64.ActiveCfg = Debug|x64
		{37A4A48B-7FB2-466D-A85C-F64D816F3CB4}.Debug|x64.Build.0 = Debug|x64
		{37A4A48B-7FB2-466D-A85C-F64D816F3CB4}.Debug|x86.ActiveCfg = Debug|Win32
		{37A4A48B-7FB2-466D-A85C-F64D816F3CB4}.Debug|x86.Build.0 = Debug|Win32
		{37A4A48B-7FB2-466D-A85C-F64D816F3CB4}.Release|x64.ActiveCfg = Release|x64
		{37A4A48B-7FB2-466D-A85C-F64D816F3CB4}.Release|x64.Build.0 = Release|x64
		{37A4A48B-7FB2-466D-A85C-F64D816F3CB4}.Release|x86.ActiveCfg = Release|Win32
		{37A4A48B-7FB2-466D-A85C-F64D816F3CB4}.Release|x86.Build.0 = Release|Win32
		{D82058E8-0F74-4071-B12F-3CC9D827D829}.Debug|x64.ActiveCfg = Debug|x64
		{D82058E8-0F74-4071-B12F-3CC9D827D829}.Debug|x64.Build.0 = Debug|x64
		{D82058E8-0F74-4071-B12F-3CC9D827D829}.Debug|x86.ActiveCfg = Debug|Win32
		{D82058E8-0F74-4071-B12F-3CC9D827D829}.Debug|x86.Build.0 = Debug|Win32
		{D82058E8-0F74-4071-B12F-3CC9D827D829}.Release|x64.ActiveCfg = Release|x64
		{D82058E8-0F74-4071-B12F-3CC9D827D829}.Release|x64.Build.0 = Release|x64
		{D82058E8-0F74-4071-B12F-3CC9D827D829}.Release|x86.ActiveCfg = Release|Win32
		{D82058E8-0F74-4071-B12F-3CC9D827D829}.Release|x86.Build.0 = Release|Win32
		{52B69C91-C794-472D-BB41-06E7596CC10A}.Debug|x64.ActiveCfg = Debug|x64
		{52B69C91-C794-472D-BB41-06E7596CC10A}.Debug|x64.Build.0 = Debug|x64
		{52B69C91-C794-472D-BB41-06E7596CC10A}.Debug|x86.ActiveCfg = Debug|Win32
		{52B69C91-C794-472D-BB41-06E7596CC10A}.Debug|x86.Build.0 = Debug|Win32
		{52B69C91-C794-472D-BB41-06E7596CC10A}.Release|x64.ActiveCfg = Release|x64
		{52B69C91-C794-472D-BB41-06E7596CC10A}.Release|x64.Build.0 = Release|x64
		{52B69C91-C794-472D-BB41-06E7596CC10A}.Release|x86.ActiveCfg = Release|Win32
		{52B69C91-C794-472D-BB41-06E7596CC10A}.Release|x86.Build.0 = Release|Win32
		{72D5DB75-13F3-451B-B2C3-95DCBB633A16}.Debug|x64.ActiveCfg = Debug|x64
		{72D5DB75-13F3-451B-B2C3-95DCBB633A16}.Debug|x64.Build.0 = Debug|x64
		{72D5DB75-13F3-451B-B2C3-95DCBB633A16}.Debug|x86.ActiveCfg = Debug|Win32
		{72D5DB75-13F3-451B-B2C3-95DCBB633A16}.Debug|x86.Build.0 = Debug|Win32
		{72D5DB75-13F3-451B-B2C3-95DCBB633A16}.Release|x64.ActiveCfg = Release|x64
		{72D5DB75-13F3-451B-B2C3-95DCBB633A16}.Release|x64.Build.0 = Release|x64
		{72D5DB75-13F3-451B-B2C3-95DCBB633A16}.Release|x86.ActiveCfg = Release|Win32
		{72D5DB75-13F3-451B-B2C3-95DCBB633A16}.Release|x86.Build.0 = Release|Win32
		{11C05BF7-3598-4350-A486-6F8B3BCAAE40}.Debug|x64.ActiveCfg = Debug|x64
		{11C05BF7-3598-4350-A486-6F8B3BCAAE40}.Debug|x64.Build.0 = Debug|x64
		{11C05BF7-3598-4350-A486-6F8B3BCAAE40}.Debug|x86.ActiveCfg = Debug|Win32
		{11C05BF7-3598-4350-A486-6F8B3BCAAE40}.Debug|x86.Build.0 = Debug|Win32
		{11C05BF7-3598-4350-A486-6F8B3BCAAE40}.Release|x64.ActiveCfg = Release|x64
		{11C05BF7-3598-4350-A486-6F8B3BCAAE40}.Release|x64.Build.0 = Release|x64
		{11C05BF7-3598-4350-A486-6F8B3BCAAE40}.Release|x86.ActiveCfg = Release|Win32
		{11C05BF7-3598-4350-A486-6F8B3BCAAE40}.Release|x86.Build.0 = Release|Win32
		{2FE2BD34-AE9D-4CF6-8941-EB97F3125AF6}.Debug|x64.ActiveCfg = Debug|x64
		{2FE2BD34-AE9D-4CF6-8941-EB97F3125AF6}.Debug|x64.Build.0 = Debug|x64
		{2FE2BD34-AE9D-4CF6-8941-EB97F3125AF6}.Debug|x86.ActiveCfg = Debug|Win32
		{2FE2BD34-AE9D-4CF6-8941-EB97F3125AF6}.Debug|x86.Build.0 = Debug|Win32
		{2FE2BD34-AE9D-4CF6-8941-EB97F3125AF6}.Release|x64.ActiveCfg = Release|x64
		{2FE2BD34-AE9D-4CF6-8941-EB97F3125AF6}.Release|x64.Build.0 = Release|x64
		{2FE2BD34-AE9D-4CF6-8941-EB97F3125AF6}.Release|x86.ActiveCfg = Release|Win32
		{2FE2BD34-AE9D-4CF6-8941-EB97F3125AF6}.Release|x86.Build.0 = Release|Win32
		{2EB7C6D8-9440-494F-A2C5-CD96CD226ED4}.Debug|x64.ActiveCfg = Debug|x64
		{2EB7C6D8-9440-494F-A2C5-CD96CD226ED4}.Debug|x64.Build.0 = Debug|x64
		{2EB7C6D8-9440-494F-A2C5-CD96CD226ED4}.Debug|x86.ActiveCfg = Debug|Win32
		{2EB7C6D8-9440-494F-A2C5-CD96CD226ED4}.Debug|x86.Build.0 = Debug|Win32
		{2EB7C6D8-9440-494F-A2C5-CD96CD226ED4}.Release|x64.ActiveCfg = Release|x64
		{2EB7C6D8-9440-494F-A2C5-CD96CD226ED4}.Release|x64.Build.0 = Release|x64
		{2EB7C6D8-9440-494F-A2C5-CD96CD226ED4}.Release|x86.ActiveCfg = Release|Win32
		{2EB7C6D8-9440-494F-A2C5-CD96CD226ED4}.Release|x86.Build.0 = Release|Win32
		{99609DBA-0137-43E5-A7CD-B71359481886}.Debug|x64.ActiveCfg = Debug|x64
		{99609DBA-0137-43E5-A7CD-B71359481886}.Debug|x64.Build.0 = Debug|x64
		{99609DBA-0137-43E5-A7CD-B71359481886}.Debug|x86.ActiveCfg = Debug|Win32
		{99609DBA-0137-43E5-A7CD-B71359481886}.Debug|x86.Build.0 = Debug|Win32
		{99609DBA-0137-43E5-A7CD-B71359481886}.Release|x64.ActiveCfg = Release|x64
		{99609DBA-0137-43E5-A7CD-B71359481886}.Release|x64.Build.0 = Release|x64
		{99609DBA-0137-43E5-A7CD-B71359481886}.Release|x86.ActiveCfg = Release|Win32
		{99609DBA-0137-43E5-A7CD-B71359481886}.Release|x86.Build.0 = Release|Win32
		{FC82DEDE-4F4D-4B81-8053-DD326FD42165}.Debug|x64.ActiveCfg = Debug|x64
		{FC82DEDE-4F4D-4B81-8053-DD326FD42165}.Debug|x64.Build.0 = Debug|x64
		{FC82DEDE-4F4D-4B81-8053-DD326FD42165}.Debug|x86.ActiveCfg = Debug|Win32
		{FC82DEDE-4F4D-4B81-8053-DD326FD42165}.Debug|x86.Build.0 = Debug|Win32
		{FC82DEDE-4F4D-4B81-8053-DD326FD42165}.Release|x64.ActiveCfg = Release|x64
		{FC82DEDE-4F4D-4B81-8053-DD326FD42165}.Release|x64.Build.0 = Release|x64
		{FC82DEDE-4F4D-4B81-8053-DD326FD42165}.Release|x86.ActiveCfg = Release|Win32
		{FC82DEDE-4F4D-4B81-8053-DD326FD42165}.Release|x86.Build.0 = Release|Win32
		{95F9B65E-A4EB-43F5-A2A3-B3F1C2EA05F2}.Debug|x64.ActiveCfg = Debug|x64
		{95F9B65E-A4EB-43F5-A2A3-B3F1C2EA05F2}.Debug|x64.Build.0 = Debug|x64
		{95F9B65E-A4EB-43F5-A2A3-B3F1C2EA05F2}.Debug|x86.ActiveCfg = Debug|Win32
		{95F9B65E-A4EB-43F5-A2A3-B3F1C2EA05F2}.Debug|x86.Build.0 = Debug|Win32
		{95F9B65E-A4EB-43F5-A2A3-B3F1C2EA05F2}.Release|x64.ActiveCfg = Release|x64
		{95F9B65E-A4EB-43F5-A2A3-B3F1C2EA05F2}.Release|x64.Build.0 = Release|x64
		{95F9B65E-A4EB-43F5-A2A3-B3F1C2EA05F2}.Release|x86.ActiveCfg = Release|Win32
		{95F9B65E-A4EB-43F5-A2A3-B3F1C2EA05F2}.Release|x86.Build.0 = Release|Win32
		{CE256DE4-A0BE-4287-8EC8-B1FC182B7FC5}.Debug|x64.ActiveCfg = Debug|x64
		{CE256DE4-A0BE-4287-8EC8-B1FC182B7FC5}.Debug|x64.Build.0 = Debug|x64
		{CE256DE4-A0BE-4287-8EC8-B1FC182B7FC5}.Debug|x86.ActiveCfg = Debug|Win32
		{CE256DE4-A0BE-4287-8EC8-B1FC182B7FC5}.Debug|x86.Build.0 = Debug|Win32
		{CE256DE4-A0BE-4287-8EC8-B1FC182B7FC5}.Release|x64.ActiveCfg = Release|x64
		{CE256DE4-A0BE-4287-8EC8-B1FC182B7FC5}.Release|x64.Build.0 = Release|x64
		{CE256DE4-A0BE-4287-8EC8-B1FC182B7FC5}.Release|x86.ActiveCfg = Release|Win32
		{CE256DE4-A0BE-4287-8EC8-B1FC182B7FC5}.Release|x86.Build.0 = Release|Win32
		{6469A4FC-0A53-499C-9283-2222785E6E9C}.Debug|x64.ActiveCfg = Debug|x64
		{6469A4FC-0A53-499C-9283-2222785E6E9C}.Debug|x64.Build.0 = Debug|x64
		{6469A4FC-0A53-499C-9283-2222785E6E9C}.Debug|x86.ActiveCfg = Debug|Win32
		{6469A4FC-0A53-499C-9283-2222785E6E9C}.Debug|x86.Build.0 = Debug|Win32
		{6469A4FC-0A53-499C-9283-2222785E6E9C}.Release|x64.ActiveCfg = Release|x64
		{6469A4FC-0A53-499C-9283-2222785E6E9C}.Release|x64.Build.0 = Release|x64
		{6469A4FC-0A53-499C-9283-2222785E6E9C}.Release|x86.ActiveCfg = Release|Win32
		{6469A4FC-0A53-499C-9283-2222785E6E9C}.Release|x86.Build.0 = Release|Win32
		{D472B78A-F402-4BA4-B0C8-A051E7606FF4}.Debug|x64.ActiveCfg = Debug|x64
		{D472B78A-F402-4BA4-B0C8-A051E7606FF4}.Debug|x64.Build.0 = Debug|x64
		{D472B78A-F402-4BA4-B0C8-A051E7606FF4}.Debug|x86.ActiveCfg = Debug|Win32
		{D472B78A-F402-4BA4-B0C8-A051E7606FF4}.Debug|x86.Build.0 = Debug|Win32
		{D472B78A-F402-4BA4-B0C8-A051E7606FF4}.Release|x64.ActiveCfg = Release|x64
		{D472B78A-F402-4BA4-B0C8-A051E7606FF4}.Release|x64.Build.0 = Release|x64
		{D472B78A-F402-4BA4-B0C8-A051E7606FF4}.Release|x86.ActiveCfg = Release|Win32
		{D472B78A-F402-4BA4-B0C8-A051E7606FF4}.Release|x86.Build.0 = Release|Win32
		{E90E3AB0-E766-4778-A12F-1D5E19860AE3}.Debug|x64.ActiveCfg = Debug|x64
		{E90E3AB0-E766-4778-A12F-1D5E19860AE3}.Debug|x64.Build.0 = Debug|x64
		{E90E3AB0-E766-4778-A12F-1D5E19860AE3}.Debug|x86.ActiveCfg = Debug|Win32
		{E90E3AB0-E766-4778-A12F-1D5E19860AE3}.Debug|x86.Build.0 = Debug|Win32
		{E90E3AB0-E766-4778-A12F-1D5E19860AE3}.Release|x64.ActiveCfg = Release|x64
		{E90E3AB0-E766-4778-A12F-1D5E19860AE3}.Release|x64.Build.0 = Release|x64
		{E90E3AB0-E766-4778-A12F-1D5E19860AE3}.Release|x86.ActiveCfg = Release|Win32
		{E90E3AB0-E766-4778-A12F-1D5E19860AE3}.Release|x86.Build.0 = Release|Win32
		{DFDABE55-AF8A-4BA9-8BF3-586008744156}.Debug|x64.ActiveCfg = Debug|x64
		{DFDABE55-AF8A-4BA9-8BF3-586008744156}.Debug|x64.Build.0 = Debug|x64
		{DFDABE55-AF8A-4BA9-8BF3-586008744156}.Debug|x86.ActiveCfg = Debug|Win32
		{DFDABE55-AF8A-4BA9-8BF3-586008744156}.Debug|x86.Build.0 = Debug|Win32
		{DFDABE55-AF8A-4BA9-8BF3-586008744156}.Release|x64.ActiveCfg = Release|x64
		{DFDABE55-AF8A-4BA9-8BF3-586008744156}.Release|x64.Build.0 = Release|x64
		{DFDABE55-AF8A-4BA9-8BF3-586008744156}.Release|x86.ActiveCfg = Release|Win32
		{DFDABE55-AF8A-4BA9-8BF3-586008744156}.Release|x86.Build.0 = Release|Win32
		{E7B7AAB1-13CD-48E0-AE13-A8D2A215A731}.Debug|x64.ActiveCfg = Debug|x64
		{E7B7AAB1-13CD-48E0-AE13-A8D2A215A731}.Debug|x64.Build.0 = Debug|x64
		{E7B7AAB1-13CD-48E0-AE13-A8D2A215A731}.Debug|x86.ActiveCfg = Debug|Win32
		{E7B7AAB1-13CD-48E0-AE13-A8D2A215A731}.Debug|x86.Build.0 = Debug|Win32
		{E7B7AAB1-13CD-48E0-AE13-A8D2A215A731}.Release|x64.ActiveCfg = Release|x64
		{E7B7AAB1-13CD-48E0-AE13-A8D2A215A731}.Release|x64.Build.0 = Release|x64
		{E7B7AAB1-13CD-48E0-AE13-A8D2A215A731}.Release|x86.ActiveCfg = Release|Win32
		{E7B7AAB1-13CD-48E0-AE13-A8D2A215A731}.Release|x86.Build.0 = Release|Win32
		{05CDA65C-50BF-44C6-BE50-ADD19354CD90}.Debug|x64.ActiveCfg = Debug|x64
		{05CDA65C-50BF-44C6-BE50-ADD19354CD90}.Debug|x64.Build.0 = Debug|x64
		{05CDA65C-50BF-44C6-BE50-ADD19354CD90}.Debug|x86.ActiveCfg = Debug|Win32
		{05CDA65C-50BF-44C6-BE50-ADD19354CD90}.Debug|x86.Build.0 = Debug|Win32
		{05CDA65C-50BF-44C6-BE50-ADD19354CD90}.Release|x64.ActiveCfg = Release|x64
		{05CDA65C-50BF-44C6-BE50-ADD19354CD90}.Release|x64.Build.0 = Release|x64
		{05CDA65C-50BF-44C6-BE50-ADD19354CD90}.Release|x86.ActiveCfg = Release|Win32
		{05CDA65C-50BF-44C6-BE50-ADD19354CD90}.Release|x86.Build.0 = Release|Win32
		{9F43C113-A40F-4FF0-AB6C-7D8C07E2F5B5}.Debug|x64.ActiveCfg = Debug|x64
		{9F43C113-A40F-4FF0-AB6C-7D8C07E2F5B5}.Debug|x64.Build.0 = Debug|x64
		{9F43C113-A40F-4FF0-AB6C-7D8C07E2F5B5}.Debug|x86.ActiveCfg = Debug|Win32
		{9F43C113-A40F-4FF0-AB6C-7D8C07E2F5B5}.Debug|x86.Build.0 = Debug|Win32
		{9F43C113-A40F-4FF0-AB6C-7D8C07E2F5B5}.Release|x64.ActiveCfg = Release|x64
		{9F43C113-A40F-4FF0-AB6C-7D8C07E2F5B5}.Release|x64.Build.0 = Release|x64
		{9F43C113-A40F-4FF0-AB6C-7D8C07E2F5B5}.Release|x86.ActiveCfg = Release|Win32
		{9F43C113-A40F-4FF0-AB6C-7D8C07E2F5B5}.Release|x86.Build.0 = Release|Win32
		{61FBBA2F-20C4-4F29-B553-BB9EB172CBCC}.Debug|x64.ActiveCfg = Debug|x64
		{61FBBA2F-20C4-4F29-B553-BB9EB172CBCC}.Debug|x64.Build.0 = Debug|x64
		{61FBBA2F-20C4-4F29-B553-BB9EB172CBCC}.Debug|x86.ActiveCfg = Debug|Win32
		{61FBBA2F-20C4-4F29-B553-BB9EB172CBCC}.Debug|x86.Build.0 = Debug|Win32
		{61FBBA2F-20C4-4F29-B553-BB9EB172CBCC}.Release|x64.ActiveCfg = Release|x64
		{61FBBA2F-20C4-4F29-B553-BB9EB172CBCC}.Release|x64.Build.0 = Release|x64
		{61FBBA2F-20C4-4F29-B553-BB9EB172CBCC}.Release|x86.ActiveCfg = Release|Win32
		{61FBBA2F-20C4-4F29-B553-BB9EB172CBCC}.Release|x86.Build.0 = Release|Win32
		{74234C05-FE3D-45EC-B184-5FCFB7E15768}.Debug|x64.ActiveCfg = Debug|x64
		{74234C05-FE3D-45EC-B184-5FCFB7E15768}.Debug|x64.Build.0 = Debug|x64
		{74234C05-FE3D-45EC-B184-5FCFB7E15768}.Debug|x86.ActiveCfg = Debug|Win32
		{74234C05-FE3D-45EC-B184-5FCFB7E15768}.Debug|x86.Build.0 = Debug|Win32
		{74234C05-FE3D-45EC-B184-5FCFB7E15768}.Release|x64.ActiveCfg = Release|x64
		{74234C05-FE3D-45EC-B184-5FCFB7E15768}.Release|x64.Build.0 = Release|x64
		{74234C05-FE3D-45EC-B184-5FCFB7E15768}.Release|x86.ActiveCfg = Release|Win32
		{74234C05-FE3D-45EC-B184-5FCFB7E15768}.Release|x86.Build.0 = Release|Win32
		{0ADF3E8B-CD52-43E6-B7E0-5AB72A94C5CF}.Debug|x64.ActiveCfg = Debug|x64
		{0ADF3E8B-CD52-43E6-B7E0-5AB72A94C5CF}.Debug|x64.Build.0 = Debug|x64
		{0ADF3E8B-CD52-43E6-B7E0-5AB72A94C5CF}.Debug|x86.ActiveCfg = Debug|Win32
		{0ADF3E8B-CD52-43E6-B7E0-5AB72A94C5CF}.Debug|x86.Build.0 = Debug|Win32
		{0ADF3E8B-CD52-43E6-B7E0-5AB72A94C5CF}.Release|x64.ActiveCfg = Release|x64
		{0ADF3E8B-CD52-43E6-B7E0-5AB72A94C5CF}.Release|x64.Build.0 = Release|x64
		{0ADF3E8B-CD52-43E6-B7E0-5AB72A94C5CF}.Release|x86.ActiveCfg = Release|Win32
		{0ADF3E8B-CD52-43E6-B7E0-5AB72A94C5CF}.Release|x86.Build.0 = Release|Win32
		{896BC847-0F42-45D1-AB8E-40328D50CF55}.Debug|x64.ActiveCfg = Debug|x64
		{896BC847-0F42-45D1-AB8E-40328D50CF55}.Debug|x64.Build.0 = Debug|x64
		{896BC847-0F42-45D1-AB8E-40328D50CF55}.Debug|x86.ActiveCfg = Debug|Win32
		{896BC847-0F42-45D1-AB8E-40328D50CF55}.Debug|x86.Build.0 = Debug|Win32
		{896BC847-0F42-45D1-AB8E-40328D50CF55}.Release|x64.ActiveCfg = Release|x64
		{896BC847-0F42-45D1-AB8E-40328D50CF55}.Release|x64.Build.0 = Release|x64
		{896BC847-0F42-45D1-AB8E-40328D50CF55}.Release|x86.ActiveCfg = Release|Win32
		{896BC847-0F42-45D1-AB8E-40328D50CF55}.Release|x86.Build.0 = Release|Win32
		{C0E19935-9290-4E7F-96A9-50F47FFC2955}.Debug|x64.ActiveCfg = Debug|x64
		{C0E19935-9290-4E7F-96A9-50F47FFC2955}.Debug|x64.Build.0 = Debug|x64
		{C0E19935-9290-4E7F-96A9-50F47FFC2955}.Debug|x86.ActiveCfg = Debug|Win32
		{C0E19935-9290-4E7F-96A9-50F47FFC2955}.Debug|x86.Build.0 = Debug|Win32
		{C0E19935-9290-4E7F-96A9-50F47FFC2955}.Release|x64.ActiveCfg = Release|x64
		{C0E19935-9290-4E7F-96A9-50F47FFC2955}.Release|x64.Build.0 = Release|x64
		{C0E19935-9290-4E7F-96A9-50F47FFC2955}.Release|x86.ActiveCfg = Release|Win32
		{C0E19935-9290-4E7F-96A9-50F47FFC2955}.Release|x86.Build.0 = Release|Win32
		{99701B36-1852-469C-A7EA-185962E88693}.Debug|x64.ActiveCfg = Debug|x64
		{99701B36-1852-469C-A7EA-185962E88693}.Debug|x64.Build.0 = Debug|x64
		{99701B36-1852-469C-A7EA-185962E88693}.Debug|x86.ActiveCfg = Debug|Win32
		{99701B36-1852-469C-A7EA-185962E88693}.Debug|x86.Build.0 = Debug|Win32
		{99701B36-1852-469C-A7EA-185962E88693}.Release|x64.ActiveCfg = Release|x64
		{99701B36-1852-469C-A7EA-185962E88693}.Release|x64.Build.0 = Release|x64
		{99701B36-1852-469C-A7EA-185962E88693}.Release|x86.ActiveCfg = Release|Win32
		{99701B36-1852-469C-A7EA-185962E88693}.Release|x86.Build.0 = Release|Win32
		{8ED9DAF1-AA3A-4225-ADCA-8BA21B174B53}.Debug|x64.ActiveCfg = Debug|x64
		{8ED9DAF1-AA3A-4225-ADCA-8BA21B174B53}.Debug|x64.Build.0 = Debug|x64
		{8ED9DAF1-AA3A-4225-ADCA-8BA21B174B53}.Debug|x86.ActiveCfg = Debug|Win32
		{8ED9DAF1-AA3A-4225-ADCA-8BA21B174B53}.Debug|x86.Build.0 = Debug|Win32
		{8ED9DAF1-AA3A-4225-ADCA-8BA21B174B53}.Release|x64.ActiveCfg = Release|x64
		{8ED9DAF1-AA3A-4225-ADCA-8BA21B174B53}.Release|x64.Build.0 = Release|x64
		{8ED9DAF1-AA3A-4225-ADCA-8BA21B174B53}.Release|x86.ActiveCfg = Release|Win32
		{8ED9DAF1-AA3A-4225-ADCA-8BA21B174B53}.Release|x86.Build.0 = Release|Win32
		{89081E23-06E2-468D-85EB-E84F495121B0}.Debug|x64.ActiveCfg = Debug|x64
		{89081E23-06E2-468D-85EB-E84F495121B0}.Debug|x64.Build.0 = Debug|x64
		{89081E23-06E2-468D-85EB-E84F495121B0}.Debug|x86.ActiveCfg = Debug|Win32
		{89081E23-06E2-468D-85EB-E84F495121B0}.Debug|x86.Build.0 = Debug|Win32
		{89081E23-06E2-468D-85EB-E84F495121B0}.Release|x64.ActiveCfg = Release|x64
		{89081E23-06E2-468D-85EB-E84F495121B0}.Release|x64.Build.0 = Release|x64
		{89081E23-06E2-468D-85EB-E84F495121B0}.Release|x86.ActiveCfg = Release|Win32
		{89081E23-06E2-468D-85EB-E84F495121B0}.Release|x86.Build.0 = Release|Win32
		{069FC508-E4F2-430C-8E70-5385BF79B158}.Debug|x64.ActiveCfg = Debug|x64
		{069FC508-E4F2-430C-8E70-5385BF79B158}.Debug|x64.Build.0 = Debug|x64
		{069FC508-E4F2-430C-8E70-5385BF79B158}.Debug|x86.ActiveCfg = Debug|Win32
		{069FC508-E4F2-430C-8E70-5385BF79B158}.Debug|x86.Build.0 = Debug|Win32
		{069FC508-E4F2-430C-8E70-5385BF79B158}.Release|x64.ActiveCfg = Release|x64
		{069FC508-E4F2-430C-8E70-5385BF79B158}.Release|x64.Build.0 = Release|x64
		{069FC508-E4F2-430C-8E70-5385BF79B158}.Release|x86.ActiveCfg = Release|Win32
		{069FC508-E4F2-430C-8E70-5385BF79B158}.Release|x86.Build.0 = Release|Win32
		{9705E50A-2C52-4481-86D3-2F0B04D74341}.Debug|x64.ActiveCfg = Debug|x64
		{9705E50A-2C52-4481-86D3-2F0B04D74341}.Debug|x64.Build.0 = Debug|x64
		{9705E50A-2C52-4481-86D3-2F0B04D74341}.Debug|x86.ActiveCfg = Debug|Win32
		{9705E50A-2C52-4481-86D3-2F0B04D74341}.Debug|x86.Build.0 = Debug|Win32
		{9705E50A-2C52-4481-86D3-2F0B04D74341}.Release|x64.ActiveCfg = Release|x64
		{9705E50A-2C52-4481-86D3-2F0B04D74341}.Release|x64.Build.0 = Release|x64
		{9705E50A-2C52-4481-86D3-2F0B04D74341}.Release|x86.ActiveCfg = Release|Win32
		{9705E50A-2C52-4481-86D3-2F0B04D74341}.Release|x86.Build.0 = Release|Win32
		{9ADC3505-2B77-4680-B6E5-079E6ED5CBE8}.Debug|x64.ActiveCfg = Debug|x64
		{9ADC3505-2B77-4680-B6E5-079E6ED5CBE8}.Debug|x64.Build.0 = Debug|x64
		{9ADC3505-2B77-4680-B6E5-079E6ED5CBE8}.Debug|x86.ActiveCfg = Debug|Win32
		{9ADC3505-2B77-4680-B6E5-079E6ED5CBE8}.Debug|x86.Build.0 = Debug|Win32
		{9ADC3505-2B77-4680-B6E5-079E6ED5CBE8}.Release|x64.ActiveCfg = Release|x64
		{9ADC3505-2B77-4680-B6E5-079E6ED5CBE8}.Release|x64.Build.0 = Release|x64
		{9ADC3505-2B77-4680-B6E5-079E6ED5CBE8}.Release|x86.ActiveCfg = Release|Win32
		{9ADC3505-2B77-4680-B6E5-079E6ED5CBE8}.Release|x86.Build.0 = Release|Win32
		{63995F3D-DCE0-4306-8C1B-86935CB07535}.Debug|x64.ActiveCfg = Debug|x64
		{63995F3D-DCE0-4306-8C1B-86935CB07535}.Debug|x64.Build.0 = Debug|x64
		{63995F3D-DCE0-4306-8C1B-86935CB07535}.Debug|x86.ActiveCfg = Debug|Win32
		{63995F3D-DCE0-4306-8C1B-86935CB07535}.Debug|x86.Build.0 = Debug|Win32
		{63995F3D-DCE0-4306-8C1B-86935CB07535}.Release|x64.ActiveCfg = Release|x64
		{63995F3D-DCE0-4306-8C1B-86935CB07535}.Release|x64.Build.0 = Release|x64
		{63995F3D-DCE0-4306-8C1B-86935CB07535}.Release|x86.ActiveCfg = Release|Win32
		{63995F3D-DCE0-4306-8C1B-86935CB07535}.Release|x86.Build.0 = Release|Win32
		{7E10B255-D802-4F3D-B44D-E6E5A92ED9AB}.Debug|x64.ActiveCfg = Debug|x64
		{7E10B255-D802-4F3D-B44D-E6E5A92ED9AB}.Debug|x64.Build.0 = Debug|x64
		{7E10B255-D802-4F3D-B44D-E6E5A92ED9AB}.Debug|x86.ActiveCfg = Debug|Win32
		{7E10B255-D802-4F3D-B44D-E6E5A92ED9AB}.Debug|x86.Build.0 = Debug|Win32
		{7E10B255-D802-4F3D-B44D-E6E5A92ED9AB}.Release|x64.ActiveCfg = Release|x64
		{7E10B255-D802-4F3D-B44D-E6E5A92ED9AB}.Release|x64.Build.0 = Release|x64
		{7E10B255-D802-4F3D-B44D-E6E5A92ED9AB}.Release|x86.ActiveCfg = Release|Win32
		{7E10B255-D802-4F3D-B44D-E6E5A92ED9AB}.Release|x86.Build.0 = Release|Win32
		{4AB717B6-4FB5-4EB5-BDBA-A722195A0FBF}.Debug|x64.ActiveCfg = Debug|x64
		{4AB717B6-4FB5-4EB5-BDBA-A722195A0FBF}.Debug|x64.Build.0 = Debug|x64
		{4AB717B6-4FB5-4EB5-BDBA-A722195A0FBF}.Debug|x86.ActiveCfg = Debug|Win32
		{4AB717B6-4FB5-4EB5-BDBA-A722195A0FBF}.Debug|x86.Build.0 = Debug|Win32
		{4AB717B6-4FB5-4EB5-BDBA-A722195A0FBF}.Release|x64.ActiveCfg = Release|x64
		{4AB717B6-4FB5-4EB5-BDBA-A722195A0FBF}.Release|x64.Build.0 = Release|x64
		{4AB717B6-4FB5-4EB5-BDBA-A722195A0FBF}.Release|x86.ActiveCfg = Release|Win32
		{4AB717B6-4FB5-4EB5-BDBA-A722195A0FBF}.Release|x86.Build.0 = Release|Win32
		{EDCFD8E8-6A3D-4A0E-B203-80DFDA170CDE}.Debug|x64.ActiveCfg = Debug|x64
		{EDCFD8E8-6A3D-4A0E-B203-80DFDA170CDE}.Debug|x64.Build.0 = Debug|x64
		{EDCFD8E8-6A3D-4A0E-B203-80DFDA170CDE}.Debug|x86.ActiveCfg = Debug|Win32
		{EDCFD8E8-6A3D-4A0E-B203-80DFDA170CDE}.Debug|x86.Build.0 = Debug|Win32
		{EDCFD8E8-6A3D-4A0E-B203-80DFDA170CDE}.Release|x64.ActiveCfg = Release|x64
		{EDCFD8E8-6A3D-4A0E-B203-80DFDA170CDE}.Release|x64.Build.0 = Release|x64
		{EDCFD8E8-6A3D-4A0E-B203-80DFDA170CDE}.Release|x86.ActiveCfg = Release|Win32
		{EDCFD8E8-6A3D-4A0E-B203-80DFDA170CDE}.Release|x86.Build.0 = Release|Win32
		{35D80C19-DDE6-460D-80A0-EF1561A22220}.Debug|x64.ActiveCfg = Debug|x64
		{35D80C19-DDE6-460D-80A0-EF1561A22220}.Debug|x64.Build.0 = Debug|x64
		{35D80C19-DDE6-460D-80A0-EF1561A22220}.Debug|x86.ActiveCfg = Debug|Win32
		{35D80C19-DDE6-460D-80A0-EF1561A22220}.Debug|x86.Build.0 = Debug|Win32
		{35D80C19-DDE6-460D-80A0-EF1561A22220}.Release|x64.ActiveCfg = Release|x64
		{35D80C19-DDE6-460D-80A0-EF1561A22220}.Release|x64.Build.0 = Release|x64
		{35D80C19-DDE6-460D-80A0-EF1561A22220}.Release|x86.ActiveCfg = Release|Win32
		{35D80C19-DDE6-460D-80A0-EF1561A22220}.Release|x86.Build.0 = Release|Win32
		{0632CDBD-3869-4582-9BCD-5055D0E04AED}.Debug|x64.ActiveCfg = Debug|x64
		{0632CDBD-3869-4582-9BCD-5055D0E04AED}.Debug|x64.Build.0 = Debug|x64
		{0632CDBD-3869-4582-9BCD-5055D0E04AED}.Debug|x86.ActiveCfg = Debug|Win32
		{0632CDBD-3869-4582-9BCD-5055D0E04AED}.Debug|x86.Build.0 = Debug|Win32
		{0632CDBD-3869-4582-9BCD-5055D0E04AED}.Release|x64.ActiveCfg = Release|x64
		{0632CDBD-3869-4582-9BCD-5055D0E04AED}.Release|x64.Build.0 = Release|x64
		{0632CDBD-3869-4582-9BCD-5055D0E04AED}.Release|x86.ActiveCfg = Release|Win32
		{0632CDBD-3869-4582-9BCD-5055D0E04AED}.Release|x86.Build.0 = Release|Win32
		{B36433FA-0249-4145-B188-515E1605CADE}.Debug|x64.ActiveCfg = Debug|x64
		{B36433FA-0249-4145-B188-515E1605CADE}.Debug|x64.Build.0 = Debug|x64
		{B36433FA-0249-4145-B188-515E1605CADE}.Debug|x86.ActiveCfg = Debug|Win32
		{B36433FA-0249-4145-B188-515E1605CADE}.Debug|x86.Build.0 = Debug|Win32
		{B36433FA-0249-4145-B188-515E1605CADE}.Release|x64.ActiveCfg = Release|x64
		{B36433FA-0249-4145-B188-515E1605CADE}.Release|x64.Build.0 = Release|x64
		{B36433FA-0249-4145-B188-515E1605CADE}.Release|x86.ActiveCfg = Release|Win32
		{B36433FA-0249-4145-B188-515E1605CADE}.Release|x86.Build.0 = Release|Win32
		{69AC1741-935F-4ECE-A370-D3599A64E83F}.Debug|x64.ActiveCfg = Debug|x64
		{69AC1741-935F-4ECE-A370-D3599A64E83F}.Debug|x64.Build.0 = Debug|x64
		{69AC1741-935F-4ECE-A370-D3599A64E83F}.Debug|x86.ActiveCfg = Debug|Win32
		{69AC1741-935F-4ECE-A370-D3599A64E83F}.Debug|x86.Build.0 = Debug|Win32
		{69AC1741-935F-4ECE-A370-D3599A64E83F}.Release|x64.ActiveCfg = Release|x64
		{69AC1741-935F-4ECE-A370-D3599A64E83F}.Release|x64.Build.0 = Release|x64
		{69AC1741-935F-4ECE-A370-D3599A64E83F}.Release|x86.ActiveCfg = Release|Win32
		{69AC1741-935F-4ECE-A370-D3599A64E83F}.Release|x86.Build.0 = Release|Win32
		{23F33EE9-85EC-4DF9-8E18-B9F0C686CBEC}.Debug|x64.ActiveCfg = Debug|x64
		{23F33EE9-85EC-4DF9-8E18-B9F0C686CBEC}.Debug|x64.Build.0 = Debug|x64
		{23F33EE9-85EC-4DF9-8E18-B9F0C686CBEC}.Debug|x86.ActiveCfg = Debug|Win32
		{23F33EE9-85EC-4DF9-8E18-B9F0C686CBEC}.Debug|x86.Build.0 = Debug|Win32
		{23F33EE9-85EC-4DF9-8E18-B9F0C686CBEC}.Release|x64.ActiveCfg = Release|x64
		{23F33EE9-85EC-4DF9-8E18-B9F0C686CBEC}.Release|x64.Build.0 = Release|x64
		{23F33EE9-85EC-4DF9-8E18-B9F0C686CBEC}.Release|x86.ActiveCfg = Release|Win32
		{23F33EE9-85EC-4DF9-8E18-B9F0C686CBEC}.Release|x86.Build.0 = Release|Win32
		{481CDE98-CBC5-4783-B093-5308BBB4D2FA}.Debug|x64.ActiveCfg = Debug|x64
		{481CDE98-CBC5-4783-B093-5308BBB4D2FA}.Debug|x64.Build.0 = Debug|x64
		{481CDE98-CBC5-4783-B093-5308BBB4D2FA}.Debug|x86.ActiveCfg = Debug|Win32
		{481CDE98-CBC5-4783-B093-5308BBB4D2FA}.Debug|x86.Build.0 = Debug|Win32
		{481CDE98-CBC5-4783-B093-5308BBB4D2FA}.Release|x64.ActiveCfg = Release|x64
		{481CDE98-CBC5-4783-B093-5308BBB4D2FA}.Release|x64.Build.0 = Release|x64
		{481CDE98-CBC5-4783-B093-5308BBB4D2FA}.Release|x86.ActiveCfg = Release|Win32
		{481CDE98-CBC5-4783-B093-5308BBB4D2FA}.Release|x86.Build.0 = Release|Win32
		{8CDE6292-97BE-4EAA-98D3-2922BD0A11C0}.Debug|x64.ActiveCfg = Debug|x64
		{8CDE6292-97BE-4EAA-98D3-2922BD0A11C0}.Debug|x64.Build.0 = Debug|x64
		{8CDE6292-97BE-4EAA-98D3-2922BD0A11C0}.Debug|x86.ActiveCfg = Debug|Win32
		{8CDE6292-97BE-4EAA-98D3-2922BD0A11C0}.Debug|x86.Build.0 = Debug|Win32
		{8CDE6292-97BE-4EAA-98D3-2922BD0A11C0}.Release|x64.ActiveCfg = Release|x64
		{8CDE6292-97BE-4EAA-98D3-2922BD0A11C0}.Release|x64.Build.0 = Release|x64
		{8CDE6292-97BE-4EAA-98D3-2922BD0A11C0}.Release|x86.ActiveCfg = Release|Win32
		{8CDE6292-97BE-4EAA-98D3-2922BD0A11C0}.Release|x86.Build.0 = Release|Win32
	EndGlobalSection
	GlobalSection(SolutionProperties) = preSolution
		HideSolutionNode = FALSE
	EndGlobalSection
	GlobalSection(ExtensibilityGlobals) = postSolution
		SolutionGuid = {29624381-9AFC-4E47-99DF-3C06DBE7714C}
	EndGlobalSection
EndGlobal
