
Microsoft Visual Studio Solution File, Format Version 12.00
# Visual Studio Version 17
VisualStudioVersion = 17.7.34031.279
MinimumVisualStudioVersion = 10.0.40219.1
Project("{8BC9CEB8-8B4A-11D0-8D11-00A0C91BC942}") = "De Quy", "De Quy.vcxproj", "{081B07B0-6D5E-4B0D-B8B1-C8892A63A02F}"
EndProject
Project("{8BC9CEB8-8B4A-11D0-8D11-00A0C91BC942}") = "Bai247", "..\Bai247\Bai247.vcxproj", "{72D5DB75-13F3-451B-B2C3-95DCBB633A16}"
EndProject
Project("{8BC9CEB8-8B4A-11D0-8D11-00A0C91BC942}") = "Bai192", "..\Bai192\Bai192.vcxproj", "{11C05BF7-3598-4350-A486-6F8B3BCAAE40}"
EndProject
Project("{8BC9CEB8-8B4A-11D0-8D11-00A0C91BC942}") = "Bai197", "..\Bai197\Bai197.vcxproj", "{2FE2BD34-AE9D-4CF6-8941-EB97F3125AF6}"
EndProject
Project("{8BC9CEB8-8B4A-11D0-8D11-00A0C91BC942}") = "Bai202", "..\Bai202\Bai202.vcxproj", "{2EB7C6D8-9440-494F-A2C5-CD96CD226ED4}"
EndProject
Project("{8BC9CEB8-8B4A-11D0-8D11-00A0C91BC942}") = "Bai207", "..\Bai207\Bai207.vcxproj", "{99609DBA-0137-43E5-A7CD-B71359481886}"
EndProject
Project("{8BC9CEB8-8B4A-11D0-8D11-00A0C91BC942}") = "Bai212", "..\Bai212\Bai212.vcxproj", "{FC82DEDE-4F4D-4B81-8053-DD326FD42165}"
EndProject
Project("{8BC9CEB8-8B4A-11D0-8D11-00A0C91BC942}") = "Bai217", "..\Bai217\Bai217.vcxproj", "{95F9B65E-A4EB-43F5-A2A3-B3F1C2EA05F2}"
EndProject
Project("{8BC9CEB8-8B4A-11D0-8D11-00A0C91BC942}") = "Bai222", "..\Bai222\Bai222.vcxproj", "{CE256DE4-A0BE-4287-8EC8-B1FC182B7FC5}"
EndProject
Project("{8BC9CEB8-8B4A-11D0-8D11-00A0C91BC942}") = "Bai227", "..\Bai227\Bai227.vcxproj", "{6469A4FC-0A53-499C-9283-2222785E6E9C}"
EndProject
Project("{8BC9CEB8-8B4A-11D0-8D11-00A0C91BC942}") = "Bai232", "..\Bai232\Bai232.vcxproj", "{D472B78A-F402-4BA4-B0C8-A051E7606FF4}"
EndProject
Project("{8BC9CEB8-8B4A-11D0-8D11-00A0C91BC942}") = "Bai237", "..\Bai237\Bai237.vcxproj", "{E90E3AB0-E766-4778-A12F-1D5E19860AE3}"
EndProject
Project("{8BC9CEB8-8B4A-11D0-8D11-00A0C91BC942}") = "Bai242", "..\Bai242\Bai242.vcxproj", "{DFDABE55-AF8A-4BA9-8BF3-586008744156}"
EndProject
Project("{8BC9CEB8-8B4A-11D0-8D11-00A0C91BC942}") = "Bai252", "..\Bai252\Bai252.vcxproj", "{E7B7AAB1-13CD-48E0-AE13-A8D2A215A731}"
EndProject
Project("{8BC9CEB8-8B4A-11D0-8D11-00A0C91BC942}") = "Bai257", "..\Bai257\Bai257.vcxproj", "{05CDA65C-50BF-44C6-BE50-ADD19354CD90}"
EndProject
Project("{8BC9CEB8-8B4A-11D0-8D11-00A0C91BC942}") = "Bai262", "..\Bai262\Bai262.vcxproj", "{9F43C113-A40F-4FF0-AB6C-7D8C07E2F5B5}"
EndProject
Project("{8BC9CEB8-8B4A-11D0-8D11-00A0C91BC942}") = "Bai267", "..\Bai267\Bai267.vcxproj", "{61FBBA2F-20C4-4F29-B553-BB9EB172CBCC}"
EndProject
Project("{8BC9CEB8-8B4A-11D0-8D11-00A0C91BC942}") = "Bai272", "..\Bai272\Bai272.vcxproj", "{74234C05-FE3D-45EC-B184-5FCFB7E15768}"
EndProject
Project("{8BC9CEB8-8B4A-11D0-8D11-00A0C91BC942}") = "Bai277", "..\Bai277\Bai277.vcxproj", "{0ADF3E8B-CD52-43E6-B7E0-5AB72A94C5CF}"
EndProject
Global
	GlobalSection(SolutionConfigurationPlatforms) = preSolution
		Debug|x64 = Debug|x64
		Debug|x86 = Debug|x86
		Release|x64 = Release|x64
		Release|x86 = Release|x86
	EndGlobalSection
	GlobalSection(ProjectConfigurationPlatforms) = postSolution
		{081B07B0-6D5E-4B0D-B8B1-C8892A63A02F}.Debug|x64.ActiveCfg = Debug|x64
		{081B07B0-6D5E-4B0D-B8B1-C8892A63A02F}.Debug|x64.Build.0 = Debug|x64
		{081B07B0-6D5E-4B0D-B8B1-C8892A63A02F}.Debug|x86.ActiveCfg = Debug|Win32
		{081B07B0-6D5E-4B0D-B8B1-C8892A63A02F}.Debug|x86.Build.0 = Debug|Win32
		{081B07B0-6D5E-4B0D-B8B1-C8892A63A02F}.Release|x64.ActiveCfg = Release|x64
		{081B07B0-6D5E-4B0D-B8B1-C8892A63A02F}.Release|x64.Build.0 = Release|x64
		{081B07B0-6D5E-4B0D-B8B1-C8892A63A02F}.Release|x86.ActiveCfg = Release|Win32
		{081B07B0-6D5E-4B0D-B8B1-C8892A63A02F}.Release|x86.Build.0 = Release|Win32
		{72D5DB75-13F3-451B-B2C3-95DCBB633A16}.Debug|x64.ActiveCfg = Debug|x64
		{72D5DB75-13F3-451B-B2C3-95DCBB633A16}.Debug|x64.Build.0 = Debug|x64
		{72D5DB75-13F3-451B-B2C3-95DCBB633A16}.Debug|x86.ActiveCfg = Debug|Win32
		{72D5DB75-13F3-451B-B2C3-95DCBB633A16}.Debug|x86.Build.0 = Debug|Win32
		{72D5DB75-13F3-451B-B2C3-95DCBB633A16}.Release|x64.ActiveCfg = Release|x64
		{72D5DB75-13F3-451B-B2C3-95DCBB633A16}.Release|x64.Build.0 = Release|x64
		{72D5DB75-13F3-451B-B2C3-95DCBB633A16}.Release|x86.ActiveCfg = Release|Win32
		{72D5DB75-13F3-451B-B2C3-95DCBB633A16}.Release|x86.Build.0 = Release|Win32
		{11C05BF7-3598-4350-A486-6F8B3BCAAE40}.Debug|x64.ActiveCfg = Debug|x64
		{11C05BF7-3598-4350-A486-6F8B3BCAAE40}.Debug|x64.Build.0 = Debug|x64
		{11C05BF7-3598-4350-A486-6F8B3BCAAE40}.Debug|x86.ActiveCfg = Debug|Win32
		{11C05BF7-3598-4350-A486-6F8B3BCAAE40}.Debug|x86.Build.0 = Debug|Win32
		{11C05BF7-3598-4350-A486-6F8B3BCAAE40}.Release|x64.ActiveCfg = Release|x64
		{11C05BF7-3598-4350-A486-6F8B3BCAAE40}.Release|x64.Build.0 = Release|x64
		{11C05BF7-3598-4350-A486-6F8B3BCAAE40}.Release|x86.ActiveCfg = Release|Win32
		{11C05BF7-3598-4350-A486-6F8B3BCAAE40}.Release|x86.Build.0 = Release|Win32
		{2FE2BD34-AE9D-4CF6-8941-EB97F3125AF6}.Debug|x64.ActiveCfg = Debug|x64
		{2FE2BD34-AE9D-4CF6-8941-EB97F3125AF6}.Debug|x64.Build.0 = Debug|x64
		{2FE2BD34-AE9D-4CF6-8941-EB97F3125AF6}.Debug|x86.ActiveCfg = Debug|Win32
		{2FE2BD34-AE9D-4CF6-8941-EB97F3125AF6}.Debug|x86.Build.0 = Debug|Win32
		{2FE2BD34-AE9D-4CF6-8941-EB97F3125AF6}.Release|x64.ActiveCfg = Release|x64
		{2FE2BD34-AE9D-4CF6-8941-EB97F3125AF6}.Release|x64.Build.0 = Release|x64
		{2FE2BD34-AE9D-4CF6-8941-EB97F3125AF6}.Release|x86.ActiveCfg = Release|Win32
		{2FE2BD34-AE9D-4CF6-8941-EB97F3125AF6}.Release|x86.Build.0 = Release|Win32
		{2EB7C6D8-9440-494F-A2C5-CD96CD226ED4}.Debug|x64.ActiveCfg = Debug|x64
		{2EB7C6D8-9440-494F-A2C5-CD96CD226ED4}.Debug|x64.Build.0 = Debug|x64
		{2EB7C6D8-9440-494F-A2C5-CD96CD226ED4}.Debug|x86.ActiveCfg = Debug|Win32
		{2EB7C6D8-9440-494F-A2C5-CD96CD226ED4}.Debug|x86.Build.0 = Debug|Win32
		{2EB7C6D8-9440-494F-A2C5-CD96CD226ED4}.Release|x64.ActiveCfg = Release|x64
		{2EB7C6D8-9440-494F-A2C5-CD96CD226ED4}.Release|x64.Build.0 = Release|x64
		{2EB7C6D8-9440-494F-A2C5-CD96CD226ED4}.Release|x86.ActiveCfg = Release|Win32
		{2EB7C6D8-9440-494F-A2C5-CD96CD226ED4}.Release|x86.Build.0 = Release|Win32
		{99609DBA-0137-43E5-A7CD-B71359481886}.Debug|x64.ActiveCfg = Debug|x64
		{99609DBA-0137-43E5-A7CD-B71359481886}.Debug|x64.Build.0 = Debug|x64
		{99609DBA-0137-43E5-A7CD-B71359481886}.Debug|x86.ActiveCfg = Debug|Win32
		{99609DBA-0137-43E5-A7CD-B71359481886}.Debug|x86.Build.0 = Debug|Win32
		{99609DBA-0137-43E5-A7CD-B71359481886}.Release|x64.ActiveCfg = Release|x64
		{99609DBA-0137-43E5-A7CD-B71359481886}.Release|x64.Build.0 = Release|x64
		{99609DBA-0137-43E5-A7CD-B71359481886}.Release|x86.ActiveCfg = Release|Win32
		{99609DBA-0137-43E5-A7CD-B71359481886}.Release|x86.Build.0 = Release|Win32
		{FC82DEDE-4F4D-4B81-8053-DD326FD42165}.Debug|x64.ActiveCfg = Debug|x64
		{FC82DEDE-4F4D-4B81-8053-DD326FD42165}.Debug|x64.Build.0 = Debug|x64
		{FC82DEDE-4F4D-4B81-8053-DD326FD42165}.Debug|x86.ActiveCfg = Debug|Win32
		{FC82DEDE-4F4D-4B81-8053-DD326FD42165}.Debug|x86.Build.0 = Debug|Win32
		{FC82DEDE-4F4D-4B81-8053-DD326FD42165}.Release|x64.ActiveCfg = Release|x64
		{FC82DEDE-4F4D-4B81-8053-DD326FD42165}.Release|x64.Build.0 = Release|x64
		{FC82DEDE-4F4D-4B81-8053-DD326FD42165}.Release|x86.ActiveCfg = Release|Win32
		{FC82DEDE-4F4D-4B81-8053-DD326FD42165}.Release|x86.Build.0 = Release|Win32
		{95F9B65E-A4EB-43F5-A2A3-B3F1C2EA05F2}.Debug|x64.ActiveCfg = Debug|x64
		{95F9B65E-A4EB-43F5-A2A3-B3F1C2EA05F2}.Debug|x64.Build.0 = Debug|x64
		{95F9B65E-A4EB-43F5-A2A3-B3F1C2EA05F2}.Debug|x86.ActiveCfg = Debug|Win32
		{95F9B65E-A4EB-43F5-A2A3-B3F1C2EA05F2}.Debug|x86.Build.0 = Debug|Win32
		{95F9B65E-A4EB-43F5-A2A3-B3F1C2EA05F2}.Release|x64.ActiveCfg = Release|x64
		{95F9B65E-A4EB-43F5-A2A3-B3F1C2EA05F2}.Release|x64.Build.0 = Release|x64
		{95F9B65E-A4EB-43F5-A2A3-B3F1C2EA05F2}.Release|x86.ActiveCfg = Release|Win32
		{95F9B65E-A4EB-43F5-A2A3-B3F1C2EA05F2}.Release|x86.Build.0 = Release|Win32
		{CE256DE4-A0BE-4287-8EC8-B1FC182B7FC5}.Debug|x64.ActiveCfg = Debug|x64
		{CE256DE4-A0BE-4287-8EC8-B1FC182B7FC5}.Debug|x64.Build.0 = Debug|x64
		{CE256DE4-A0BE-4287-8EC8-B1FC182B7FC5}.Debug|x86.ActiveCfg = Debug|Win32
		{CE256DE4-A0BE-4287-8EC8-B1FC182B7FC5}.Debug|x86.Build.0 = Debug|Win32
		{CE256DE4-A0BE-4287-8EC8-B1FC182B7FC5}.Release|x64.ActiveCfg = Release|x64
		{CE256DE4-A0BE-4287-8EC8-B1FC182B7FC5}.Release|x64.Build.0 = Release|x64
		{CE256DE4-A0BE-4287-8EC8-B1FC182B7FC5}.Release|x86.ActiveCfg = Release|Win32
		{CE256DE4-A0BE-4287-8EC8-B1FC182B7FC5}.Release|x86.Build.0 = Release|Win32
		{6469A4FC-0A53-499C-9283-2222785E6E9C}.Debug|x64.ActiveCfg = Debug|x64
		{6469A4FC-0A53-499C-9283-2222785E6E9C}.Debug|x64.Build.0 = Debug|x64
		{6469A4FC-0A53-499C-9283-2222785E6E9C}.Debug|x86.ActiveCfg = Debug|Win32
		{6469A4FC-0A53-499C-9283-2222785E6E9C}.Debug|x86.Build.0 = Debug|Win32
		{6469A4FC-0A53-499C-9283-2222785E6E9C}.Release|x64.ActiveCfg = Release|x64
		{6469A4FC-0A53-499C-9283-2222785E6E9C}.Release|x64.Build.0 = Release|x64
		{6469A4FC-0A53-499C-9283-2222785E6E9C}.Release|x86.ActiveCfg = Release|Win32
		{6469A4FC-0A53-499C-9283-2222785E6E9C}.Release|x86.Build.0 = Release|Win32
		{D472B78A-F402-4BA4-B0C8-A051E7606FF4}.Debug|x64.ActiveCfg = Debug|x64
		{D472B78A-F402-4BA4-B0C8-A051E7606FF4}.Debug|x64.Build.0 = Debug|x64
		{D472B78A-F402-4BA4-B0C8-A051E7606FF4}.Debug|x86.ActiveCfg = Debug|Win32
		{D472B78A-F402-4BA4-B0C8-A051E7606FF4}.Debug|x86.Build.0 = Debug|Win32
		{D472B78A-F402-4BA4-B0C8-A051E7606FF4}.Release|x64.ActiveCfg = Release|x64
		{D472B78A-F402-4BA4-B0C8-A051E7606FF4}.Release|x64.Build.0 = Release|x64
		{D472B78A-F402-4BA4-B0C8-A051E7606FF4}.Release|x86.ActiveCfg = Release|Win32
		{D472B78A-F402-4BA4-B0C8-A051E7606FF4}.Release|x86.Build.0 = Release|Win32
		{E90E3AB0-E766-4778-A12F-1D5E19860AE3}.Debug|x64.ActiveCfg = Debug|x64
		{E90E3AB0-E766-4778-A12F-1D5E19860AE3}.Debug|x64.Build.0 = Debug|x64
		{E90E3AB0-E766-4778-A12F-1D5E19860AE3}.Debug|x86.ActiveCfg = Debug|Win32
		{E90E3AB0-E766-4778-A12F-1D5E19860AE3}.Debug|x86.Build.0 = Debug|Win32
		{E90E3AB0-E766-4778-A12F-1D5E19860AE3}.Release|x64.ActiveCfg = Release|x64
		{E90E3AB0-E766-4778-A12F-1D5E19860AE3}.Release|x64.Build.0 = Release|x64
		{E90E3AB0-E766-4778-A12F-1D5E19860AE3}.Release|x86.ActiveCfg = Release|Win32
		{E90E3AB0-E766-4778-A12F-1D5E19860AE3}.Release|x86.Build.0 = Release|Win32
		{DFDABE55-AF8A-4BA9-8BF3-586008744156}.Debug|x64.ActiveCfg = Debug|x64
		{DFDABE55-AF8A-4BA9-8BF3-586008744156}.Debug|x64.Build.0 = Debug|x64
		{DFDABE55-AF8A-4BA9-8BF3-586008744156}.Debug|x86.ActiveCfg = Debug|Win32
		{DFDABE55-AF8A-4BA9-8BF3-586008744156}.Debug|x86.Build.0 = Debug|Win32
		{DFDABE55-AF8A-4BA9-8BF3-586008744156}.Release|x64.ActiveCfg = Release|x64
		{DFDABE55-AF8A-4BA9-8BF3-586008744156}.Release|x64.Build.0 = Release|x64
		{DFDABE55-AF8A-4BA9-8BF3-586008744156}.Release|x86.ActiveCfg = Release|Win32
		{DFDABE55-AF8A-4BA9-8BF3-586008744156}.Release|x86.Build.0 = Release|Win32
		{E7B7AAB1-13CD-48E0-AE13-A8D2A215A731}.Debug|x64.ActiveCfg = Debug|x64
		{E7B7AAB1-13CD-48E0-AE13-A8D2A215A731}.Debug|x64.Build.0 = Debug|x64
		{E7B7AAB1-13CD-48E0-AE13-A8D2A215A731}.Debug|x86.ActiveCfg = Debug|Win32
		{E7B7AAB1-13CD-48E0-AE13-A8D2A215A731}.Debug|x86.Build.0 = Debug|Win32
		{E7B7AAB1-13CD-48E0-AE13-A8D2A215A731}.Release|x64.ActiveCfg = Release|x64
		{E7B7AAB1-13CD-48E0-AE13-A8D2A215A731}.Release|x64.Build.0 = Release|x64
		{E7B7AAB1-13CD-48E0-AE13-A8D2A215A731}.Release|x86.ActiveCfg = Release|Win32
		{E7B7AAB1-13CD-48E0-AE13-A8D2A215A731}.Release|x86.Build.0 = Release|Win32
		{05CDA65C-50BF-44C6-BE50-ADD19354CD90}.Debug|x64.ActiveCfg = Debug|x64
		{05CDA65C-50BF-44C6-BE50-ADD19354CD90}.Debug|x64.Build.0 = Debug|x64
		{05CDA65C-50BF-44C6-BE50-ADD19354CD90}.Debug|x86.ActiveCfg = Debug|Win32
		{05CDA65C-50BF-44C6-BE50-ADD19354CD90}.Debug|x86.Build.0 = Debug|Win32
		{05CDA65C-50BF-44C6-BE50-ADD19354CD90}.Release|x64.ActiveCfg = Release|x64
		{05CDA65C-50BF-44C6-BE50-ADD19354CD90}.Release|x64.Build.0 = Release|x64
		{05CDA65C-50BF-44C6-BE50-ADD19354CD90}.Release|x86.ActiveCfg = Release|Win32
		{05CDA65C-50BF-44C6-BE50-ADD19354CD90}.Release|x86.Build.0 = Release|Win32
		{9F43C113-A40F-4FF0-AB6C-7D8C07E2F5B5}.Debug|x64.ActiveCfg = Debug|x64
		{9F43C113-A40F-4FF0-AB6C-7D8C07E2F5B5}.Debug|x64.Build.0 = Debug|x64
		{9F43C113-A40F-4FF0-AB6C-7D8C07E2F5B5}.Debug|x86.ActiveCfg = Debug|Win32
		{9F43C113-A40F-4FF0-AB6C-7D8C07E2F5B5}.Debug|x86.Build.0 = Debug|Win32
		{9F43C113-A40F-4FF0-AB6C-7D8C07E2F5B5}.Release|x64.ActiveCfg = Release|x64
		{9F43C113-A40F-4FF0-AB6C-7D8C07E2F5B5}.Release|x64.Build.0 = Release|x64
		{9F43C113-A40F-4FF0-AB6C-7D8C07E2F5B5}.Release|x86.ActiveCfg = Release|Win32
		{9F43C113-A40F-4FF0-AB6C-7D8C07E2F5B5}.Release|x86.Build.0 = Release|Win32
		{61FBBA2F-20C4-4F29-B553-BB9EB172CBCC}.Debug|x64.ActiveCfg = Debug|x64
		{61FBBA2F-20C4-4F29-B553-BB9EB172CBCC}.Debug|x64.Build.0 = Debug|x64
		{61FBBA2F-20C4-4F29-B553-BB9EB172CBCC}.Debug|x86.ActiveCfg = Debug|Win32
		{61FBBA2F-20C4-4F29-B553-BB9EB172CBCC}.Debug|x86.Build.0 = Debug|Win32
		{61FBBA2F-20C4-4F29-B553-BB9EB172CBCC}.Release|x64.ActiveCfg = Release|x64
		{61FBBA2F-20C4-4F29-B553-BB9EB172CBCC}.Release|x64.Build.0 = Release|x64
		{61FBBA2F-20C4-4F29-B553-BB9EB172CBCC}.Release|x86.ActiveCfg = Release|Win32
		{61FBBA2F-20C4-4F29-B553-BB9EB172CBCC}.Release|x86.Build.0 = Release|Win32
		{74234C05-FE3D-45EC-B184-5FCFB7E15768}.Debug|x64.ActiveCfg = Debug|x64
		{74234C05-FE3D-45EC-B184-5FCFB7E15768}.Debug|x64.Build.0 = Debug|x64
		{74234C05-FE3D-45EC-B184-5FCFB7E15768}.Debug|x86.ActiveCfg = Debug|Win32
		{74234C05-FE3D-45EC-B184-5FCFB7E15768}.Debug|x86.Build.0 = Debug|Win32
		{74234C05-FE3D-45EC-B184-5FCFB7E15768}.Release|x64.ActiveCfg = Release|x64
		{74234C05-FE3D-45EC-B184-5FCFB7E15768}.Release|x64.Build.0 = Release|x64
		{74234C05-FE3D-45EC-B184-5FCFB7E15768}.Release|x86.ActiveCfg = Release|Win32
		{74234C05-FE3D-45EC-B184-5FCFB7E15768}.Release|x86.Build.0 = Release|Win32
		{0ADF3E8B-CD52-43E6-B7E0-5AB72A94C5CF}.Debug|x64.ActiveCfg = Debug|x64
		{0ADF3E8B-CD52-43E6-B7E0-5AB72A94C5CF}.Debug|x64.Build.0 = Debug|x64
		{0ADF3E8B-CD52-43E6-B7E0-5AB72A94C5CF}.Debug|x86.ActiveCfg = Debug|Win32
		{0ADF3E8B-CD52-43E6-B7E0-5AB72A94C5CF}.Debug|x86.Build.0 = Debug|Win32
		{0ADF3E8B-CD52-43E6-B7E0-5AB72A94C5CF}.Release|x64.ActiveCfg = Release|x64
		{0ADF3E8B-CD52-43E6-B7E0-5AB72A94C5CF}.Release|x64.Build.0 = Release|x64
		{0ADF3E8B-CD52-43E6-B7E0-5AB72A94C5CF}.Release|x86.ActiveCfg = Release|Win32
		{0ADF3E8B-CD52-43E6-B7E0-5AB72A94C5CF}.Release|x86.Build.0 = Release|Win32
	EndGlobalSection
	GlobalSection(SolutionProperties) = preSolution
		HideSolutionNode = FALSE
	EndGlobalSection
	GlobalSection(ExtensibilityGlobals) = postSolution
		SolutionGuid = {29624381-9AFC-4E47-99DF-3C06DBE7714C}
	EndGlobalSection
EndGlobal
