
Microsoft Visual Studio Solution File, Format Version 12.00
# Visual Studio Version 17
VisualStudioVersion = 17.7.34031.279
MinimumVisualStudioVersion = 10.0.40219.1
Project("{8BC9CEB8-8B4A-11D0-8D11-00A0C91BC942}") = "De Quy", "De Quy.vcxproj", "{081B07B0-6D5E-4B0D-B8B1-C8892A63A02F}"
EndProject
Project("{8BC9CEB8-8B4A-11D0-8D11-00A0C91BC942}") = "Bai247", "..\Bai247\Bai247.vcxproj", "{72D5DB75-13F3-451B-B2C3-95DCBB633A16}"
EndProject
Project("{8BC9CEB8-8B4A-11D0-8D11-00A0C91BC942}") = "Bai192", "..\Bai192\Bai192.vcxproj", "{11C05BF7-3598-4350-A486-6F8B3BCAAE40}"
EndProject
Project("{8BC9CEB8-8B4A-11D0-8D11-00A0C91BC942}") = "Bai197", "..\Bai197\Bai197.vcxproj", "{2FE2BD34-AE9D-4CF6-8941-EB97F3125AF6}"
EndProject
Project("{8BC9CEB8-8B4A-11D0-8D11-00A0C91BC942}") = "Bai202", "..\Bai202\Bai202.vcxproj", "{2EB7C6D8-9440-494F-A2C5-CD96CD226ED4}"
EndProject
Project("{8BC9CEB8-8B4A-11D0-8D11-00A0C91BC942}") = "Bai207", "..\Bai207\Bai207.vcxproj", "{99609DBA-0137-43E5-A7CD-B71359481886}"
EndProject
Project("{8BC9CEB8-8B4A-11D0-8D11-00A0C91BC942}") = "Bai212", "..\Bai212\Bai212.vcxproj", "{FC82DEDE-4F4D-4B81-8053-DD326FD42165}"
EndProject
Project("{8BC9CEB8-8B4A-11D0-8D11-00A0C91BC942}") = "Bai217", "..\Bai217\Bai217.vcxproj", "{95F9B65E-A4EB-43F5-A2A3-B3F1C2EA05F2}"
EndProject
Project("{8BC9CEB8-8B4A-11D0-8D11-00A0C91BC942}") = "Bai222", "..\Bai222\Bai222.vcxproj", "{CE256DE4-A0BE-4287-8EC8-B1FC182B7FC5}"
EndProject
Project("{8BC9CEB8-8B4A-11D0-8D11-00A0C91BC942}") = "Bai227", "..\Bai227\Bai227.vcxproj", "{6469A4FC-0A53-499C-9283-2222785E6E9C}"
EndProject
Project("{8BC9CEB8-8B4A-11D0-8D11-00A0C91BC942}") = "Bai232", "..\Bai232\Bai232.vcxproj", "{D472B78A-F402-4BA4-B0C8-A051E7606FF4}"
EndProject
Project("{8BC9CEB8-8B4A-11D0-8D11-00A0C91BC942}") = "Bai237", "..\Bai237\Bai237.vcxproj", "{E90E3AB0-E766-4778-A12F-1D5E19860AE3}"
EndProject
Project("{8BC9CEB8-8B4A-11D0-8D11-00A0C91BC942}") = "Bai242", "..\Bai242\Bai242.vcxproj", "{DFDABE55-AF8A-4BA9-8BF3-586008744156}"
EndProject
Project("{8BC9CEB8-8B4A-11D0-8D11-00A0C91BC942}") = "Bai252", "..\Bai252\Bai252.vcxproj", "{E7B7AAB1-13CD-48E0-AE13-A8D2A215A731}"
EndProject
Project("{8BC9CEB8-8B4A-11D0-8D11-00A0C91BC942}") = "Bai257", "..\Bai257\Bai257.vcxproj", "{05CDA65C-50BF-44C6-BE50-ADD19354CD90}"
EndProject
Project("{8BC9CEB8-8B4A-11D0-8D11-00A0C91BC942}") = "Bai262", "..\Bai262\Bai262.vcxproj", "{9F43C113-A40F-4FF0-AB6C-7D8C07E2F5B5}"
EndProject
Project("{8BC9CEB8-8B4A-11D0-8D11-00A0C91BC942}") = "Bai267", "..\Bai267\Bai267.vcxproj", "{61FBBA2F-20C4-4F29-B553-BB9EB172CBCC}"
EndProject
Project("{8BC9CEB8-8B4A-11D0-8D11-00A0C91BC942}") = "Bai272", "..\Bai272\Bai272.vcxproj", "{74234C05-FE3D-45EC-B184-5FCFB7E15768}"
EndProject
Project("{8BC9CEB8-8B4A-11D0-8D11-00A0C91BC942}") = "Bai277", "..\Bai277\Bai277.vcxproj", "{0ADF3E8B-CD52-43E6-B7E0-5AB72A94C5CF}"
EndProject
Project("{8BC9CEB8-8B4A-11D0-8D11-00A0C91BC942}") = "Bai194", "..\Bai194\Bai194.vcxproj", "{1BC56F7A-4823-4F6C-8247-5070D98CCE7C}"
EndProject
Project("{8BC9CEB8-8B4A-11D0-8D11-00A0C91BC942}") = "Bai199", "..\Bai199\Bai199.vcxproj", "{4608514D-1532-4DF6-8EC7-9C68DDCA4F26}"
EndProject
Project("{8BC9CEB8-8B4A-11D0-8D11-00A0C91BC942}") = "Bai204", "..\Bai204\Bai204.vcxproj", "{010A4DB5-0E66-4AAC-BE36-35FAD6974ABE}"
EndProject
Project("{8BC9CEB8-8B4A-11D0-8D11-00A0C91BC942}") = "Bai209", "..\Bai209\Bai209.vcxproj", "{D2AE1450-75B0-46DA-847E-A30F0DFCF31F}"
EndProject
Project("{8BC9CEB8-8B4A-11D0-8D11-00A0C91BC942}") = "Bai214", "..\Bai214\Bai214.vcxproj", "{2A129613-3F24-4358-B4D3-84951407AACD}"
EndProject
Project("{8BC9CEB8-8B4A-11D0-8D11-00A0C91BC942}") = "Bai219", "..\Bai219\Bai219.vcxproj", "{E249C6F3-BDD1-4E5B-9ABD-4F962673B4C5}"
EndProject
Project("{8BC9CEB8-8B4A-11D0-8D11-00A0C91BC942}") = "Bai224", "..\Bai224\Bai224.vcxproj", "{B20F6633-493F-4DFB-A6E9-997BAB851346}"
EndProject
Project("{8BC9CEB8-8B4A-11D0-8D11-00A0C91BC942}") = "Bai229", "..\Bai229\Bai229.vcxproj", "{AE610B87-5B63-43AA-838C-6F8F077989A3}"
EndProject
Project("{8BC9CEB8-8B4A-11D0-8D11-00A0C91BC942}") = "Bai234", "..\Bai234\Bai234.vcxproj", "{4B130630-8CD1-4981-8833-ED7A985B00E8}"
EndProject
Project("{8BC9CEB8-8B4A-11D0-8D11-00A0C91BC942}") = "Bai239", "..\Bai239\Bai239.vcxproj", "{34B710DD-013A-41F7-8ACB-940B007C3870}"
EndProject
Project("{8BC9CEB8-8B4A-11D0-8D11-00A0C91BC942}") = "Bai244", "..\Bai244\Bai244.vcxproj", "{97BF6195-B249-44D9-91DC-23D838B47668}"
EndProject
Project("{8BC9CEB8-8B4A-11D0-8D11-00A0C91BC942}") = "Bai249", "..\Bai249\Bai249.vcxproj", "{07C36E30-6606-4A87-AA7B-03183A44A244}"
EndProject
Project("{8BC9CEB8-8B4A-11D0-8D11-00A0C91BC942}") = "Bai254", "..\Bai254\Bai254.vcxproj", "{8E9EA7C7-47EE-4F1C-BD19-0FA03ACB2591}"
EndProject
Project("{8BC9CEB8-8B4A-11D0-8D11-00A0C91BC942}") = "Bai259", "..\Bai259\Bai259.vcxproj", "{80707D07-BF6A-43C4-BC3F-1EE6935E4E6F}"
EndProject
Project("{8BC9CEB8-8B4A-11D0-8D11-00A0C91BC942}") = "Bai264", "..\Bai264\Bai264.vcxproj", "{6E209784-1202-4B51-8A6C-E7DF282662EC}"
EndProject
Project("{8BC9CEB8-8B4A-11D0-8D11-00A0C91BC942}") = "Bai269", "..\Bai269\Bai269.vcxproj", "{E268F607-7A6F-4E55-BC5E-0CAAA6DD28B8}"
EndProject
Project("{8BC9CEB8-8B4A-11D0-8D11-00A0C91BC942}") = "Bai274", "..\Bai274\Bai274.vcxproj", "{F62D1031-EDFE-4702-B3C1-175D92FDDB52}"
EndProject
Project("{8BC9CEB8-8B4A-11D0-8D11-00A0C91BC942}") = "Bai279", "..\Bai279\Bai279.vcxproj", "{2BF903ED-53CD-425C-9420-ED89C4C360AE}"
EndProject
Project("{8BC9CEB8-8B4A-11D0-8D11-00A0C91BC942}") = "Bai284", "..\Bai284\Bai284.vcxproj", "{B895AE5F-134E-4527-82F0-F7DCBF6D686D}"
EndProject
Project("{8BC9CEB8-8B4A-11D0-8D11-00A0C91BC942}") = "Bai289", "..\Bai289\Bai289.vcxproj", "{6A64C0F0-F3C9-4F89-A8B8-6C9E5095BE78}"
EndProject
Global
	GlobalSection(SolutionConfigurationPlatforms) = preSolution
		Debug|x64 = Debug|x64
		Debug|x86 = Debug|x86
		Release|x64 = Release|x64
		Release|x86 = Release|x86
	EndGlobalSection
	GlobalSection(ProjectConfigurationPlatforms) = postSolution
		{081B07B0-6D5E-4B0D-B8B1-C8892A63A02F}.Debug|x64.ActiveCfg = Debug|x64
		{081B07B0-6D5E-4B0D-B8B1-C8892A63A02F}.Debug|x64.Build.0 = Debug|x64
		{081B07B0-6D5E-4B0D-B8B1-C8892A63A02F}.Debug|x86.ActiveCfg = Debug|Win32
		{081B07B0-6D5E-4B0D-B8B1-C8892A63A02F}.Debug|x86.Build.0 = Debug|Win32
		{081B07B0-6D5E-4B0D-B8B1-C8892A63A02F}.Release|x64.ActiveCfg = Release|x64
		{081B07B0-6D5E-4B0D-B8B1-C8892A63A02F}.Release|x64.Build.0 = Release|x64
		{081B07B0-6D5E-4B0D-B8B1-C8892A63A02F}.Release|x86.ActiveCfg = Release|Win32
		{081B07B0-6D5E-4B0D-B8B1-C8892A63A02F}.Release|x86.Build.0 = Release|Win32
		{72D5DB75-13F3-451B-B2C3-95DCBB633A16}.Debug|x64.ActiveCfg = Debug|x64
		{72D5DB75-13F3-451B-B2C3-95DCBB633A16}.Debug|x64.Build.0 = Debug|x64
		{72D5DB75-13F3-451B-B2C3-95DCBB633A16}.Debug|x86.ActiveCfg = Debug|Win32
		{72D5DB75-13F3-451B-B2C3-95DCBB633A16}.Debug|x86.Build.0 = Debug|Win32
		{72D5DB75-13F3-451B-B2C3-95DCBB633A16}.Release|x64.ActiveCfg = Release|x64
		{72D5DB75-13F3-451B-B2C3-95DCBB633A16}.Release|x64.Build.0 = Release|x64
		{72D5DB75-13F3-451B-B2C3-95DCBB633A16}.Release|x86.ActiveCfg = Release|Win32
		{72D5DB75-13F3-451B-B2C3-95DCBB633A16}.Release|x86.Build.0 = Release|Win32
		{11C05BF7-3598-4350-A486-6F8B3BCAAE40}.Debug|x64.ActiveCfg = Debug|x64
		{11C05BF7-3598-4350-A486-6F8B3BCAAE40}.Debug|x64.Build.0 = Debug|x64
		{11C05BF7-3598-4350-A486-6F8B3BCAAE40}.Debug|x86.ActiveCfg = Debug|Win32
		{11C05BF7-3598-4350-A486-6F8B3BCAAE40}.Debug|x86.Build.0 = Debug|Win32
		{11C05BF7-3598-4350-A486-6F8B3BCAAE40}.Release|x64.ActiveCfg = Release|x64
		{11C05BF7-3598-4350-A486-6F8B3BCAAE40}.Release|x64.Build.0 = Release|x64
		{11C05BF7-3598-4350-A486-6F8B3BCAAE40}.Release|x86.ActiveCfg = Release|Win32
		{11C05BF7-3598-4350-A486-6F8B3BCAAE40}.Release|x86.Build.0 = Release|Win32
		{2FE2BD34-AE9D-4CF6-8941-EB97F3125AF6}.Debug|x64.ActiveCfg = Debug|x64
		{2FE2BD34-AE9D-4CF6-8941-EB97F3125AF6}.Debug|x64.Build.0 = Debug|x64
		{2FE2BD34-AE9D-4CF6-8941-EB97F3125AF6}.Debug|x86.ActiveCfg = Debug|Win32
		{2FE2BD34-AE9D-4CF6-8941-EB97F3125AF6}.Debug|x86.Build.0 = Debug|Win32
		{2FE2BD34-AE9D-4CF6-8941-EB97F3125AF6}.Release|x64.ActiveCfg = Release|x64
		{2FE2BD34-AE9D-4CF6-8941-EB97F3125AF6}.Release|x64.Build.0 = Release|x64
		{2FE2BD34-AE9D-4CF6-8941-EB97F3125AF6}.Release|x86.ActiveCfg = Release|Win32
		{2FE2BD34-AE9D-4CF6-8941-EB97F3125AF6}.Release|x86.Build.0 = Release|Win32
		{2EB7C6D8-9440-494F-A2C5-CD96CD226ED4}.Debug|x64.ActiveCfg = Debug|x64
		{2EB7C6D8-9440-494F-A2C5-CD96CD226ED4}.Debug|x64.Build.0 = Debug|x64
		{2EB7C6D8-9440-494F-A2C5-CD96CD226ED4}.Debug|x86.ActiveCfg = Debug|Win32
		{2EB7C6D8-9440-494F-A2C5-CD96CD226ED4}.Debug|x86.Build.0 = Debug|Win32
		{2EB7C6D8-9440-494F-A2C5-CD96CD226ED4}.Release|x64.ActiveCfg = Release|x64
		{2EB7C6D8-9440-494F-A2C5-CD96CD226ED4}.Release|x64.Build.0 = Release|x64
		{2EB7C6D8-9440-494F-A2C5-CD96CD226ED4}.Release|x86.ActiveCfg = Release|Win32
		{2EB7C6D8-9440-494F-A2C5-CD96CD226ED4}.Release|x86.Build.0 = Release|Win32
		{99609DBA-0137-43E5-A7CD-B71359481886}.Debug|x64.ActiveCfg = Debug|x64
		{99609DBA-0137-43E5-A7CD-B71359481886}.Debug|x64.Build.0 = Debug|x64
		{99609DBA-0137-43E5-A7CD-B71359481886}.Debug|x86.ActiveCfg = Debug|Win32
		{99609DBA-0137-43E5-A7CD-B71359481886}.Debug|x86.Build.0 = Debug|Win32
		{99609DBA-0137-43E5-A7CD-B71359481886}.Release|x64.ActiveCfg = Release|x64
		{99609DBA-0137-43E5-A7CD-B71359481886}.Release|x64.Build.0 = Release|x64
		{99609DBA-0137-43E5-A7CD-B71359481886}.Release|x86.ActiveCfg = Release|Win32
		{99609DBA-0137-43E5-A7CD-B71359481886}.Release|x86.Build.0 = Release|Win32
		{FC82DEDE-4F4D-4B81-8053-DD326FD42165}.Debug|x64.ActiveCfg = Debug|x64
		{FC82DEDE-4F4D-4B81-8053-DD326FD42165}.Debug|x64.Build.0 = Debug|x64
		{FC82DEDE-4F4D-4B81-8053-DD326FD42165}.Debug|x86.ActiveCfg = Debug|Win32
		{FC82DEDE-4F4D-4B81-8053-DD326FD42165}.Debug|x86.Build.0 = Debug|Win32
		{FC82DEDE-4F4D-4B81-8053-DD326FD42165}.Release|x64.ActiveCfg = Release|x64
		{FC82DEDE-4F4D-4B81-8053-DD326FD42165}.Release|x64.Build.0 = Release|x64
		{FC82DEDE-4F4D-4B81-8053-DD326FD42165}.Release|x86.ActiveCfg = Release|Win32
		{FC82DEDE-4F4D-4B81-8053-DD326FD42165}.Release|x86.Build.0 = Release|Win32
		{95F9B65E-A4EB-43F5-A2A3-B3F1C2EA05F2}.Debug|x64.ActiveCfg = Debug|x64
		{95F9B65E-A4EB-43F5-A2A3-B3F1C2EA05F2}.Debug|x64.Build.0 = Debug|x64
		{95F9B65E-A4EB-43F5-A2A3-B3F1C2EA05F2}.Debug|x86.ActiveCfg = Debug|Win32
		{95F9B65E-A4EB-43F5-A2A3-B3F1C2EA05F2}.Debug|x86.Build.0 = Debug|Win32
		{95F9B65E-A4EB-43F5-A2A3-B3F1C2EA05F2}.Release|x64.ActiveCfg = Release|x64
		{95F9B65E-A4EB-43F5-A2A3-B3F1C2EA05F2}.Release|x64.Build.0 = Release|x64
		{95F9B65E-A4EB-43F5-A2A3-B3F1C2EA05F2}.Release|x86.ActiveCfg = Release|Win32
		{95F9B65E-A4EB-43F5-A2A3-B3F1C2EA05F2}.Release|x86.Build.0 = Release|Win32
		{CE256DE4-A0BE-4287-8EC8-B1FC182B7FC5}.Debug|x64.ActiveCfg = Debug|x64
		{CE256DE4-A0BE-4287-8EC8-B1FC182B7FC5}.Debug|x64.Build.0 = Debug|x64
		{CE256DE4-A0BE-4287-8EC8-B1FC182B7FC5}.Debug|x86.ActiveCfg = Debug|Win32
		{CE256DE4-A0BE-4287-8EC8-B1FC182B7FC5}.Debug|x86.Build.0 = Debug|Win32
		{CE256DE4-A0BE-4287-8EC8-B1FC182B7FC5}.Release|x64.ActiveCfg = Release|x64
		{CE256DE4-A0BE-4287-8EC8-B1FC182B7FC5}.Release|x64.Build.0 = Release|x64
		{CE256DE4-A0BE-4287-8EC8-B1FC182B7FC5}.Release|x86.ActiveCfg = Release|Win32
		{CE256DE4-A0BE-4287-8EC8-B1FC182B7FC5}.Release|x86.Build.0 = Release|Win32
		{6469A4FC-0A53-499C-9283-2222785E6E9C}.Debug|x64.ActiveCfg = Debug|x64
		{6469A4FC-0A53-499C-9283-2222785E6E9C}.Debug|x64.Build.0 = Debug|x64
		{6469A4FC-0A53-499C-9283-2222785E6E9C}.Debug|x86.ActiveCfg = Debug|Win32
		{6469A4FC-0A53-499C-9283-2222785E6E9C}.Debug|x86.Build.0 = Debug|Win32
		{6469A4FC-0A53-499C-9283-2222785E6E9C}.Release|x64.ActiveCfg = Release|x64
		{6469A4FC-0A53-499C-9283-2222785E6E9C}.Release|x64.Build.0 = Release|x64
		{6469A4FC-0A53-499C-9283-2222785E6E9C}.Release|x86.ActiveCfg = Release|Win32
		{6469A4FC-0A53-499C-9283-2222785E6E9C}.Release|x86.Build.0 = Release|Win32
		{D472B78A-F402-4BA4-B0C8-A051E7606FF4}.Debug|x64.ActiveCfg = Debug|x64
		{D472B78A-F402-4BA4-B0C8-A051E7606FF4}.Debug|x64.Build.0 = Debug|x64
		{D472B78A-F402-4BA4-B0C8-A051E7606FF4}.Debug|x86.ActiveCfg = Debug|Win32
		{D472B78A-F402-4BA4-B0C8-A051E7606FF4}.Debug|x86.Build.0 = Debug|Win32
		{D472B78A-F402-4BA4-B0C8-A051E7606FF4}.Release|x64.ActiveCfg = Release|x64
		{D472B78A-F402-4BA4-B0C8-A051E7606FF4}.Release|x64.Build.0 = Release|x64
		{D472B78A-F402-4BA4-B0C8-A051E7606FF4}.Release|x86.ActiveCfg = Release|Win32
		{D472B78A-F402-4BA4-B0C8-A051E7606FF4}.Release|x86.Build.0 = Release|Win32
		{E90E3AB0-E766-4778-A12F-1D5E19860AE3}.Debug|x64.ActiveCfg = Debug|x64
		{E90E3AB0-E766-4778-A12F-1D5E19860AE3}.Debug|x64.Build.0 = Debug|x64
		{E90E3AB0-E766-4778-A12F-1D5E19860AE3}.Debug|x86.ActiveCfg = Debug|Win32
		{E90E3AB0-E766-4778-A12F-1D5E19860AE3}.Debug|x86.Build.0 = Debug|Win32
		{E90E3AB0-E766-4778-A12F-1D5E19860AE3}.Release|x64.ActiveCfg = Release|x64
		{E90E3AB0-E766-4778-A12F-1D5E19860AE3}.Release|x64.Build.0 = Release|x64
		{E90E3AB0-E766-4778-A12F-1D5E19860AE3}.Release|x86.ActiveCfg = Release|Win32
		{E90E3AB0-E766-4778-A12F-1D5E19860AE3}.Release|x86.Build.0 = Release|Win32
		{DFDABE55-AF8A-4BA9-8BF3-586008744156}.Debug|x64.ActiveCfg = Debug|x64
		{DFDABE55-AF8A-4BA9-8BF3-586008744156}.Debug|x64.Build.0 = Debug|x64
		{DFDABE55-AF8A-4BA9-8BF3-586008744156}.Debug|x86.ActiveCfg = Debug|Win32
		{DFDABE55-AF8A-4BA9-8BF3-586008744156}.Debug|x86.Build.0 = Debug|Win32
		{DFDABE55-AF8A-4BA9-8BF3-586008744156}.Release|x64.ActiveCfg = Release|x64
		{DFDABE55-AF8A-4BA9-8BF3-586008744156}.Release|x64.Build.0 = Release|x64
		{DFDABE55-AF8A-4BA9-8BF3-586008744156}.Release|x86.ActiveCfg = Release|Win32
		{DFDABE55-AF8A-4BA9-8BF3-586008744156}.Release|x86.Build.0 = Release|Win32
		{E7B7AAB1-13CD-48E0-AE13-A8D2A215A731}.Debug|x64.ActiveCfg = Debug|x64
		{E7B7AAB1-13CD-48E0-AE13-A8D2A215A731}.Debug|x64.Build.0 = Debug|x64
		{E7B7AAB1-13CD-48E0-AE13-A8D2A215A731}.Debug|x86.ActiveCfg = Debug|Win32
		{E7B7AAB1-13CD-48E0-AE13-A8D2A215A731}.Debug|x86.Build.0 = Debug|Win32
		{E7B7AAB1-13CD-48E0-AE13-A8D2A215A731}.Release|x64.ActiveCfg = Release|x64
		{E7B7AAB1-13CD-48E0-AE13-A8D2A215A731}.Release|x64.Build.0 = Release|x64
		{E7B7AAB1-13CD-48E0-AE13-A8D2A215A731}.Release|x86.ActiveCfg = Release|Win32
		{E7B7AAB1-13CD-48E0-AE13-A8D2A215A731}.Release|x86.Build.0 = Release|Win32
		{05CDA65C-50BF-44C6-BE50-ADD19354CD90}.Debug|x64.ActiveCfg = Debug|x64
		{05CDA65C-50BF-44C6-BE50-ADD19354CD90}.Debug|x64.Build.0 = Debug|x64
		{05CDA65C-50BF-44C6-BE50-ADD19354CD90}.Debug|x86.ActiveCfg = Debug|Win32
		{05CDA65C-50BF-44C6-BE50-ADD19354CD90}.Debug|x86.Build.0 = Debug|Win32
		{05CDA65C-50BF-44C6-BE50-ADD19354CD90}.Release|x64.ActiveCfg = Release|x64
		{05CDA65C-50BF-44C6-BE50-ADD19354CD90}.Release|x64.Build.0 = Release|x64
		{05CDA65C-50BF-44C6-BE50-ADD19354CD90}.Release|x86.ActiveCfg = Release|Win32
		{05CDA65C-50BF-44C6-BE50-ADD19354CD90}.Release|x86.Build.0 = Release|Win32
		{9F43C113-A40F-4FF0-AB6C-7D8C07E2F5B5}.Debug|x64.ActiveCfg = Debug|x64
		{9F43C113-A40F-4FF0-AB6C-7D8C07E2F5B5}.Debug|x64.Build.0 = Debug|x64
		{9F43C113-A40F-4FF0-AB6C-7D8C07E2F5B5}.Debug|x86.ActiveCfg = Debug|Win32
		{9F43C113-A40F-4FF0-AB6C-7D8C07E2F5B5}.Debug|x86.Build.0 = Debug|Win32
		{9F43C113-A40F-4FF0-AB6C-7D8C07E2F5B5}.Release|x64.ActiveCfg = Release|x64
		{9F43C113-A40F-4FF0-AB6C-7D8C07E2F5B5}.Release|x64.Build.0 = Release|x64
		{9F43C113-A40F-4FF0-AB6C-7D8C07E2F5B5}.Release|x86.ActiveCfg = Release|Win32
		{9F43C113-A40F-4FF0-AB6C-7D8C07E2F5B5}.Release|x86.Build.0 = Release|Win32
		{61FBBA2F-20C4-4F29-B553-BB9EB172CBCC}.Debug|x64.ActiveCfg = Debug|x64
		{61FBBA2F-20C4-4F29-B553-BB9EB172CBCC}.Debug|x64.Build.0 = Debug|x64
		{61FBBA2F-20C4-4F29-B553-BB9EB172CBCC}.Debug|x86.ActiveCfg = Debug|Win32
		{61FBBA2F-20C4-4F29-B553-BB9EB172CBCC}.Debug|x86.Build.0 = Debug|Win32
		{61FBBA2F-20C4-4F29-B553-BB9EB172CBCC}.Release|x64.ActiveCfg = Release|x64
		{61FBBA2F-20C4-4F29-B553-BB9EB172CBCC}.Release|x64.Build.0 = Release|x64
		{61FBBA2F-20C4-4F29-B553-BB9EB172CBCC}.Release|x86.ActiveCfg = Release|Win32
		{61FBBA2F-20C4-4F29-B553-BB9EB172CBCC}.Release|x86.Build.0 = Release|Win32
		{74234C05-FE3D-45EC-B184-5FCFB7E15768}.Debug|x64.ActiveCfg = Debug|x64
		{74234C05-FE3D-45EC-B184-5FCFB7E15768}.Debug|x64.Build.0 = Debug|x64
		{74234C05-FE3D-45EC-B184-5FCFB7E15768}.Debug|x86.ActiveCfg = Debug|Win32
		{74234C05-FE3D-45EC-B184-5FCFB7E15768}.Debug|x86.Build.0 = Debug|Win32
		{74234C05-FE3D-45EC-B184-5FCFB7E15768}.Release|x64.ActiveCfg = Release|x64
		{74234C05-FE3D-45EC-B184-5FCFB7E15768}.Release|x64.Build.0 = Release|x64
		{74234C05-FE3D-45EC-B184-5FCFB7E15768}.Release|x86.ActiveCfg = Release|Win32
		{74234C05-FE3D-45EC-B184-5FCFB7E15768}.Release|x86.Build.0 = Release|Win32
		{0ADF3E8B-CD52-43E6-B7E0-5AB72A94C5CF}.Debug|x64.ActiveCfg = Debug|x64
		{0ADF3E8B-CD52-43E6-B7E0-5AB72A94C5CF}.Debug|x64.Build.0 = Debug|x64
		{0ADF3E8B-CD52-43E6-B7E0-5AB72A94C5CF}.Debug|x86.ActiveCfg = Debug|Win32
		{0ADF3E8B-CD52-43E6-B7E0-5AB72A94C5CF}.Debug|x86.Build.0 = Debug|Win32
		{0ADF3E8B-CD52-43E6-B7E0-5AB72A94C5CF}.Release|x64.ActiveCfg = Release|x64
		{0ADF3E8B-CD52-43E6-B7E0-5AB72A94C5CF}.Release|x64.Build.0 = Release|x64
		{0ADF3E8B-CD52-43E6-B7E0-5AB72A94C5CF}.Release|x86.ActiveCfg = Release|Win32
		{0ADF3E8B-CD52-43E6-B7E0-5AB72A94C5CF}.Release|x86.Build.0 = Release|Win32
		{1BC56F7A-4823-4F6C-8247-5070D98CCE7C}.Debug|x64.ActiveCfg = Debug|x64
		{1BC56F7A-4823-4F6C-8247-5070D98CCE7C}.Debug|x64.Build.0 = Debug|x64
		{1BC56F7A-4823-4F6C-8247-5070D98CCE7C}.Debug|x86.ActiveCfg = Debug|Win32
		{1BC56F7A-4823-4F6C-8247-5070D98CCE7C}.Debug|x86.Build.0 = Debug|Win32
		{1BC56F7A-4823-4F6C-8247-5070D98CCE7C}.Release|x64.ActiveCfg = Release|x64
		{1BC56F7A-4823-4F6C-8247-5070D98CCE7C}.Release|x64.Build.0 = Release|x64
		{1BC56F7A-4823-4F6C-8247-5070D98CCE7C}.Release|x86.ActiveCfg = Release|Win32
		{1BC56F7A-4823-4F6C-8247-5070D98CCE7C}.Release|x86.Build.0 = Release|Win32
		{4608514D-1532-4DF6-8EC7-9C68DDCA4F26}.Debug|x64.ActiveCfg = Debug|x64
		{4608514D-1532-4DF6-8EC7-9C68DDCA4F26}.Debug|x64.Build.0 = Debug|x64
		{4608514D-1532-4DF6-8EC7-9C68DDCA4F26}.Debug|x86.ActiveCfg = Debug|Win32
		{4608514D-1532-4DF6-8EC7-9C68DDCA4F26}.Debug|x86.Build.0 = Debug|Win32
		{4608514D-1532-4DF6-8EC7-9C68DDCA4F26}.Release|x64.ActiveCfg = Release|x64
		{4608514D-1532-4DF6-8EC7-9C68DDCA4F26}.Release|x64.Build.0 = Release|x64
		{4608514D-1532-4DF6-8EC7-9C68DDCA4F26}.Release|x86.ActiveCfg = Release|Win32
		{4608514D-1532-4DF6-8EC7-9C68DDCA4F26}.Release|x86.Build.0 = Release|Win32
		{010A4DB5-0E66-4AAC-BE36-35FAD6974ABE}.Debug|x64.ActiveCfg = Debug|x64
		{010A4DB5-0E66-4AAC-BE36-35FAD6974ABE}.Debug|x64.Build.0 = Debug|x64
		{010A4DB5-0E66-4AAC-BE36-35FAD6974ABE}.Debug|x86.ActiveCfg = Debug|Win32
		{010A4DB5-0E66-4AAC-BE36-35FAD6974ABE}.Debug|x86.Build.0 = Debug|Win32
		{010A4DB5-0E66-4AAC-BE36-35FAD6974ABE}.Release|x64.ActiveCfg = Release|x64
		{010A4DB5-0E66-4AAC-BE36-35FAD6974ABE}.Release|x64.Build.0 = Release|x64
		{010A4DB5-0E66-4AAC-BE36-35FAD6974ABE}.Release|x86.ActiveCfg = Release|Win32
		{010A4DB5-0E66-4AAC-BE36-35FAD6974ABE}.Release|x86.Build.0 = Release|Win32
		{D2AE1450-75B0-46DA-847E-A30F0DFCF31F}.Debug|x64.ActiveCfg = Debug|x64
		{D2AE1450-75B0-46DA-847E-A30F0DFCF31F}.Debug|x64.Build.0 = Debug|x64
		{D2AE1450-75B0-46DA-847E-A30F0DFCF31F}.Debug|x86.ActiveCfg = Debug|Win32
		{D2AE1450-75B0-46DA-847E-A30F0DFCF31F}.Debug|x86.Build.0 = Debug|Win32
		{D2AE1450-75B0-46DA-847E-A30F0DFCF31F}.Release|x64.ActiveCfg = Release|x64
		{D2AE1450-75B0-46DA-847E-A30F0DFCF31F}.Release|x64.Build.0 = Release|x64
		{D2AE1450-75B0-46DA-847E-A30F0DFCF31F}.Release|x86.ActiveCfg = Release|Win32
		{D2AE1450-75B0-46DA-847E-A30F0DFCF31F}.Release|x86.Build.0 = Release|Win32
		{2A129613-3F24-4358-B4D3-84951407AACD}.Debug|x64.ActiveCfg = Debug|x64
		{2A129613-3F24-4358-B4D3-84951407AACD}.Debug|x64.Build.0 = Debug|x64
		{2A129613-3F24-4358-B4D3-84951407AACD}.Debug|x86.ActiveCfg = Debug|Win32
		{2A129613-3F24-4358-B4D3-84951407AACD}.Debug|x86.Build.0 = Debug|Win32
		{2A129613-3F24-4358-B4D3-84951407AACD}.Release|x64.ActiveCfg = Release|x64
		{2A129613-3F24-4358-B4D3-84951407AACD}.Release|x64.Build.0 = Release|x64
		{2A129613-3F24-4358-B4D3-84951407AACD}.Release|x86.ActiveCfg = Release|Win32
		{2A129613-3F24-4358-B4D3-84951407AACD}.Release|x86.Build.0 = Release|Win32
		{E249C6F3-BDD1-4E5B-9ABD-4F962673B4C5}.Debug|x64.ActiveCfg = Debug|x64
		{E249C6F3-BDD1-4E5B-9ABD-4F962673B4C5}.Debug|x64.Build.0 = Debug|x64
		{E249C6F3-BDD1-4E5B-9ABD-4F962673B4C5}.Debug|x86.ActiveCfg = Debug|Win32
		{E249C6F3-BDD1-4E5B-9ABD-4F962673B4C5}.Debug|x86.Build.0 = Debug|Win32
		{E249C6F3-BDD1-4E5B-9ABD-4F962673B4C5}.Release|x64.ActiveCfg = Release|x64
		{E249C6F3-BDD1-4E5B-9ABD-4F962673B4C5}.Release|x64.Build.0 = Release|x64
		{E249C6F3-BDD1-4E5B-9ABD-4F962673B4C5}.Release|x86.ActiveCfg = Release|Win32
		{E249C6F3-BDD1-4E5B-9ABD-4F962673B4C5}.Release|x86.Build.0 = Release|Win32
		{B20F6633-493F-4DFB-A6E9-997BAB851346}.Debug|x64.ActiveCfg = Debug|x64
		{B20F6633-493F-4DFB-A6E9-997BAB851346}.Debug|x64.Build.0 = Debug|x64
		{B20F6633-493F-4DFB-A6E9-997BAB851346}.Debug|x86.ActiveCfg = Debug|Win32
		{B20F6633-493F-4DFB-A6E9-997BAB851346}.Debug|x86.Build.0 = Debug|Win32
		{B20F6633-493F-4DFB-A6E9-997BAB851346}.Release|x64.ActiveCfg = Release|x64
		{B20F6633-493F-4DFB-A6E9-997BAB851346}.Release|x64.Build.0 = Release|x64
		{B20F6633-493F-4DFB-A6E9-997BAB851346}.Release|x86.ActiveCfg = Release|Win32
		{B20F6633-493F-4DFB-A6E9-997BAB851346}.Release|x86.Build.0 = Release|Win32
		{AE610B87-5B63-43AA-838C-6F8F077989A3}.Debug|x64.ActiveCfg = Debug|x64
		{AE610B87-5B63-43AA-838C-6F8F077989A3}.Debug|x64.Build.0 = Debug|x64
		{AE610B87-5B63-43AA-838C-6F8F077989A3}.Debug|x86.ActiveCfg = Debug|Win32
		{AE610B87-5B63-43AA-838C-6F8F077989A3}.Debug|x86.Build.0 = Debug|Win32
		{AE610B87-5B63-43AA-838C-6F8F077989A3}.Release|x64.ActiveCfg = Release|x64
		{AE610B87-5B63-43AA-838C-6F8F077989A3}.Release|x64.Build.0 = Release|x64
		{AE610B87-5B63-43AA-838C-6F8F077989A3}.Release|x86.ActiveCfg = Release|Win32
		{AE610B87-5B63-43AA-838C-6F8F077989A3}.Release|x86.Build.0 = Release|Win32
		{4B130630-8CD1-4981-8833-ED7A985B00E8}.Debug|x64.ActiveCfg = Debug|x64
		{4B130630-8CD1-4981-8833-ED7A985B00E8}.Debug|x64.Build.0 = Debug|x64
		{4B130630-8CD1-4981-8833-ED7A985B00E8}.Debug|x86.ActiveCfg = Debug|Win32
		{4B130630-8CD1-4981-8833-ED7A985B00E8}.Debug|x86.Build.0 = Debug|Win32
		{4B130630-8CD1-4981-8833-ED7A985B00E8}.Release|x64.ActiveCfg = Release|x64
		{4B130630-8CD1-4981-8833-ED7A985B00E8}.Release|x64.Build.0 = Release|x64
		{4B130630-8CD1-4981-8833-ED7A985B00E8}.Release|x86.ActiveCfg = Release|Win32
		{4B130630-8CD1-4981-8833-ED7A985B00E8}.Release|x86.Build.0 = Release|Win32
		{34B710DD-013A-41F7-8ACB-940B007C3870}.Debug|x64.ActiveCfg = Debug|x64
		{34B710DD-013A-41F7-8ACB-940B007C3870}.Debug|x64.Build.0 = Debug|x64
		{34B710DD-013A-41F7-8ACB-940B007C3870}.Debug|x86.ActiveCfg = Debug|Win32
		{34B710DD-013A-41F7-8ACB-940B007C3870}.Debug|x86.Build.0 = Debug|Win32
		{34B710DD-013A-41F7-8ACB-940B007C3870}.Release|x64.ActiveCfg = Release|x64
		{34B710DD-013A-41F7-8ACB-940B007C3870}.Release|x64.Build.0 = Release|x64
		{34B710DD-013A-41F7-8ACB-940B007C3870}.Release|x86.ActiveCfg = Release|Win32
		{34B710DD-013A-41F7-8ACB-940B007C3870}.Release|x86.Build.0 = Release|Win32
		{97BF6195-B249-44D9-91DC-23D838B47668}.Debug|x64.ActiveCfg = Debug|x64
		{97BF6195-B249-44D9-91DC-23D838B47668}.Debug|x64.Build.0 = Debug|x64
		{97BF6195-B249-44D9-91DC-23D838B47668}.Debug|x86.ActiveCfg = Debug|Win32
		{97BF6195-B249-44D9-91DC-23D838B47668}.Debug|x86.Build.0 = Debug|Win32
		{97BF6195-B249-44D9-91DC-23D838B47668}.Release|x64.ActiveCfg = Release|x64
		{97BF6195-B249-44D9-91DC-23D838B47668}.Release|x64.Build.0 = Release|x64
		{97BF6195-B249-44D9-91DC-23D838B47668}.Release|x86.ActiveCfg = Release|Win32
		{97BF6195-B249-44D9-91DC-23D838B47668}.Release|x86.Build.0 = Release|Win32
		{07C36E30-6606-4A87-AA7B-03183A44A244}.Debug|x64.ActiveCfg = Debug|x64
		{07C36E30-6606-4A87-AA7B-03183A44A244}.Debug|x64.Build.0 = Debug|x64
		{07C36E30-6606-4A87-AA7B-03183A44A244}.Debug|x86.ActiveCfg = Debug|Win32
		{07C36E30-6606-4A87-AA7B-03183A44A244}.Debug|x86.Build.0 = Debug|Win32
		{07C36E30-6606-4A87-AA7B-03183A44A244}.Release|x64.ActiveCfg = Release|x64
		{07C36E30-6606-4A87-AA7B-03183A44A244}.Release|x64.Build.0 = Release|x64
		{07C36E30-6606-4A87-AA7B-03183A44A244}.Release|x86.ActiveCfg = Release|Win32
		{07C36E30-6606-4A87-AA7B-03183A44A244}.Release|x86.Build.0 = Release|Win32
		{8E9EA7C7-47EE-4F1C-BD19-0FA03ACB2591}.Debug|x64.ActiveCfg = Debug|x64
		{8E9EA7C7-47EE-4F1C-BD19-0FA03ACB2591}.Debug|x64.Build.0 = Debug|x64
		{8E9EA7C7-47EE-4F1C-BD19-0FA03ACB2591}.Debug|x86.ActiveCfg = Debug|Win32
		{8E9EA7C7-47EE-4F1C-BD19-0FA03ACB2591}.Debug|x86.Build.0 = Debug|Win32
		{8E9EA7C7-47EE-4F1C-BD19-0FA03ACB2591}.Release|x64.ActiveCfg = Release|x64
		{8E9EA7C7-47EE-4F1C-BD19-0FA03ACB2591}.Release|x64.Build.0 = Release|x64
		{8E9EA7C7-47EE-4F1C-BD19-0FA03ACB2591}.Release|x86.ActiveCfg = Release|Win32
		{8E9EA7C7-47EE-4F1C-BD19-0FA03ACB2591}.Release|x86.Build.0 = Release|Win32
		{80707D07-BF6A-43C4-BC3F-1EE6935E4E6F}.Debug|x64.ActiveCfg = Debug|x64
		{80707D07-BF6A-43C4-BC3F-1EE6935E4E6F}.Debug|x64.Build.0 = Debug|x64
		{80707D07-BF6A-43C4-BC3F-1EE6935E4E6F}.Debug|x86.ActiveCfg = Debug|Win32
		{80707D07-BF6A-43C4-BC3F-1EE6935E4E6F}.Debug|x86.Build.0 = Debug|Win32
		{80707D07-BF6A-43C4-BC3F-1EE6935E4E6F}.Release|x64.ActiveCfg = Release|x64
		{80707D07-BF6A-43C4-BC3F-1EE6935E4E6F}.Release|x64.Build.0 = Release|x64
		{80707D07-BF6A-43C4-BC3F-1EE6935E4E6F}.Release|x86.ActiveCfg = Release|Win32
		{80707D07-BF6A-43C4-BC3F-1EE6935E4E6F}.Release|x86.Build.0 = Release|Win32
		{6E209784-1202-4B51-8A6C-E7DF282662EC}.Debug|x64.ActiveCfg = Debug|x64
		{6E209784-1202-4B51-8A6C-E7DF282662EC}.Debug|x64.Build.0 = Debug|x64
		{6E209784-1202-4B51-8A6C-E7DF282662EC}.Debug|x86.ActiveCfg = Debug|Win32
		{6E209784-1202-4B51-8A6C-E7DF282662EC}.Debug|x86.Build.0 = Debug|Win32
		{6E209784-1202-4B51-8A6C-E7DF282662EC}.Release|x64.ActiveCfg = Release|x64
		{6E209784-1202-4B51-8A6C-E7DF282662EC}.Release|x64.Build.0 = Release|x64
		{6E209784-1202-4B51-8A6C-E7DF282662EC}.Release|x86.ActiveCfg = Release|Win32
		{6E209784-1202-4B51-8A6C-E7DF282662EC}.Release|x86.Build.0 = Release|Win32
		{E268F607-7A6F-4E55-BC5E-0CAAA6DD28B8}.Debug|x64.ActiveCfg = Debug|x64
		{E268F607-7A6F-4E55-BC5E-0CAAA6DD28B8}.Debug|x64.Build.0 = Debug|x64
		{E268F607-7A6F-4E55-BC5E-0CAAA6DD28B8}.Debug|x86.ActiveCfg = Debug|Win32
		{E268F607-7A6F-4E55-BC5E-0CAAA6DD28B8}.Debug|x86.Build.0 = Debug|Win32
		{E268F607-7A6F-4E55-BC5E-0CAAA6DD28B8}.Release|x64.ActiveCfg = Release|x64
		{E268F607-7A6F-4E55-BC5E-0CAAA6DD28B8}.Release|x64.Build.0 = Release|x64
		{E268F607-7A6F-4E55-BC5E-0CAAA6DD28B8}.Release|x86.ActiveCfg = Release|Win32
		{E268F607-7A6F-4E55-BC5E-0CAAA6DD28B8}.Release|x86.Build.0 = Release|Win32
		{F62D1031-EDFE-4702-B3C1-175D92FDDB52}.Debug|x64.ActiveCfg = Debug|x64
		{F62D1031-EDFE-4702-B3C1-175D92FDDB52}.Debug|x64.Build.0 = Debug|x64
		{F62D1031-EDFE-4702-B3C1-175D92FDDB52}.Debug|x86.ActiveCfg = Debug|Win32
		{F62D1031-EDFE-4702-B3C1-175D92FDDB52}.Debug|x86.Build.0 = Debug|Win32
		{F62D1031-EDFE-4702-B3C1-175D92FDDB52}.Release|x64.ActiveCfg = Release|x64
		{F62D1031-EDFE-4702-B3C1-175D92FDDB52}.Release|x64.Build.0 = Release|x64
		{F62D1031-EDFE-4702-B3C1-175D92FDDB52}.Release|x86.ActiveCfg = Release|Win32
		{F62D1031-EDFE-4702-B3C1-175D92FDDB52}.Release|x86.Build.0 = Release|Win32
		{2BF903ED-53CD-425C-9420-ED89C4C360AE}.Debug|x64.ActiveCfg = Debug|x64
		{2BF903ED-53CD-425C-9420-ED89C4C360AE}.Debug|x64.Build.0 = Debug|x64
		{2BF903ED-53CD-425C-9420-ED89C4C360AE}.Debug|x86.ActiveCfg = Debug|Win32
		{2BF903ED-53CD-425C-9420-ED89C4C360AE}.Debug|x86.Build.0 = Debug|Win32
		{2BF903ED-53CD-425C-9420-ED89C4C360AE}.Release|x64.ActiveCfg = Release|x64
		{2BF903ED-53CD-425C-9420-ED89C4C360AE}.Release|x64.Build.0 = Release|x64
		{2BF903ED-53CD-425C-9420-ED89C4C360AE}.Release|x86.ActiveCfg = Release|Win32
		{2BF903ED-53CD-425C-9420-ED89C4C360AE}.Release|x86.Build.0 = Release|Win32
		{B895AE5F-134E-4527-82F0-F7DCBF6D686D}.Debug|x64.ActiveCfg = Debug|x64
		{B895AE5F-134E-4527-82F0-F7DCBF6D686D}.Debug|x64.Build.0 = Debug|x64
		{B895AE5F-134E-4527-82F0-F7DCBF6D686D}.Debug|x86.ActiveCfg = Debug|Win32
		{B895AE5F-134E-4527-82F0-F7DCBF6D686D}.Debug|x86.Build.0 = Debug|Win32
		{B895AE5F-134E-4527-82F0-F7DCBF6D686D}.Release|x64.ActiveCfg = Release|x64
		{B895AE5F-134E-4527-82F0-F7DCBF6D686D}.Release|x64.Build.0 = Release|x64
		{B895AE5F-134E-4527-82F0-F7DCBF6D686D}.Release|x86.ActiveCfg = Release|Win32
		{B895AE5F-134E-4527-82F0-F7DCBF6D686D}.Release|x86.Build.0 = Release|Win32
		{6A64C0F0-F3C9-4F89-A8B8-6C9E5095BE78}.Debug|x64.ActiveCfg = Debug|x64
		{6A64C0F0-F3C9-4F89-A8B8-6C9E5095BE78}.Debug|x64.Build.0 = Debug|x64
		{6A64C0F0-F3C9-4F89-A8B8-6C9E5095BE78}.Debug|x86.ActiveCfg = Debug|Win32
		{6A64C0F0-F3C9-4F89-A8B8-6C9E5095BE78}.Debug|x86.Build.0 = Debug|Win32
		{6A64C0F0-F3C9-4F89-A8B8-6C9E5095BE78}.Release|x64.ActiveCfg = Release|x64
		{6A64C0F0-F3C9-4F89-A8B8-6C9E5095BE78}.Release|x64.Build.0 = Release|x64
		{6A64C0F0-F3C9-4F89-A8B8-6C9E5095BE78}.Release|x86.ActiveCfg = Release|Win32
		{6A64C0F0-F3C9-4F89-A8B8-6C9E5095BE78}.Release|x86.Build.0 = Release|Win32
	EndGlobalSection
	GlobalSection(SolutionProperties) = preSolution
		HideSolutionNode = FALSE
	EndGlobalSection
	GlobalSection(ExtensibilityGlobals) = postSolution
		SolutionGuid = {29624381-9AFC-4E47-99DF-3C06DBE7714C}
	EndGlobalSection
EndGlobal
